
Microsoft Visual Studio Solution File, Format Version 12.00
# Visual Studio 14
VisualStudioVersion = 14.0.25420.1
MinimumVisualStudioVersion = 10.0.40219.1
Project("{2150E333-8FDC-42A3-9474-1A3956D46DE8}") = "Common", "Common", "{A047AB7E-F29B-49EC-AF2B-6162CEE3435F}"
EndProject
Project("{2150E333-8FDC-42A3-9474-1A3956D46DE8}") = "Master", "Master", "{37ADF21D-D4B3-41B3-8767-D7D41F69CDC1}"
EndProject
Project("{2150E333-8FDC-42A3-9474-1A3956D46DE8}") = "Contract", "Contract", "{23087B73-2B0A-465C-B96E-985AD30019CA}"
EndProject
Project("{2150E333-8FDC-42A3-9474-1A3956D46DE8}") = "Quotation", "Quotation", "{8410327A-D3E5-4278-875C-8E03EA105F47}"
EndProject
Project("{2150E333-8FDC-42A3-9474-1A3956D46DE8}") = "Solution Items", "Solution Items", "{D20E9C3A-0DA5-450A-B9C0-89E68EC14658}"
	ProjectSection(SolutionItems) = preProject
		.gitignore = .gitignore
		Local.testsettings = Local.testsettings
		SECOM_AJIS1.vsmdi = SECOM_AJIS1.vsmdi
		TraceAndTestImpact.testsettings = TraceAndTestImpact.testsettings
	EndProjectSection
EndProject
Project("{2150E333-8FDC-42A3-9474-1A3956D46DE8}") = "Installation", "Installation", "{63474B84-13B8-4162-B24C-7F5341D82C4F}"
EndProject
Project("{2150E333-8FDC-42A3-9474-1A3956D46DE8}") = "Inventory", "Inventory", "{A2726D4C-8C8E-4656-8CB4-D2A5A4C2F990}"
EndProject
Project("{2150E333-8FDC-42A3-9474-1A3956D46DE8}") = "Billing", "Billing", "{B91FE4E8-3E13-432E-9410-429B8452110C}"
EndProject
Project("{2150E333-8FDC-42A3-9474-1A3956D46DE8}") = "Income", "Income", "{8F82A9EC-ECF7-4A33-93FB-0A431C917586}"
EndProject
Project("{2150E333-8FDC-42A3-9474-1A3956D46DE8}") = "JobScheduler", "JobScheduler", "{080432EF-1670-438E-BD90-2BBF7F286C94}"
EndProject
Project("{FAE04EC0-301F-11D3-BF4B-00C04F79EFBC}") = "SECOM_AJIS.Presentation.Common", "SECOM_AJIS.Presentation.Common\SECOM_AJIS.Presentation.Common.csproj", "{4890E853-1C31-4230-8FA1-5D451C115875}"
EndProject
Project("{FAE04EC0-301F-11D3-BF4B-00C04F79EFBC}") = "SECOM_AJIS.Interface.Common", "SECOM_AJIS.Interface.Common\SECOM_AJIS.Interface.Common.csproj", "{0177E9AC-5098-42BC-9AC1-9B8862FB3E3C}"
EndProject
Project("{FAE04EC0-301F-11D3-BF4B-00C04F79EFBC}") = "SECOM_AJIS.Common", "SECOM_AJIS.Common\SECOM_AJIS.Common.csproj", "{3A5B1A39-B295-4D51-833C-37CF1E7F081E}"
EndProject
Project("{FAE04EC0-301F-11D3-BF4B-00C04F79EFBC}") = "SECOM_AJIS.Presentation.Master", "SECOM_AJIS.Presentation.Master\SECOM_AJIS.Presentation.Master.csproj", "{631B2A44-0C13-4DE5-BE00-1C05D1A1AC54}"
EndProject
Project("{FAE04EC0-301F-11D3-BF4B-00C04F79EFBC}") = "SECOM_AJIS.Presentation.Contract", "SECOM_AJIS.Presentation.Contract\SECOM_AJIS.Presentation.Contract.csproj", "{68DA2208-ACDD-48FE-9D8A-F76B010664C4}"
EndProject
Project("{FAE04EC0-301F-11D3-BF4B-00C04F79EFBC}") = "SECOM_AJIS.Presentation.Quotation", "SECOM_AJIS.Presentation.Quotation\SECOM_AJIS.Presentation.Quotation.csproj", "{7BF4C432-5804-469C-A3B6-585A2664A820}"
EndProject
Project("{FAE04EC0-301F-11D3-BF4B-00C04F79EFBC}") = "SECOM_AJIS.Interface.Master", "SECOM_AJIS.Interface.Master\SECOM_AJIS.Interface.Master.csproj", "{0AC1F756-B4CC-4386-B6A3-C58F555E953B}"
EndProject
Project("{FAE04EC0-301F-11D3-BF4B-00C04F79EFBC}") = "SECOM_AJIS.Entity.Master", "SECOM_AJIS.Entity.Master\SECOM_AJIS.Entity.Master.csproj", "{65F28583-CF30-4765-A871-E97D2AE7F9B9}"
EndProject
Project("{FAE04EC0-301F-11D3-BF4B-00C04F79EFBC}") = "SECOM_AJIS.DataEntity.Master", "SECOM_AJIS.DataEntity.Master\SECOM_AJIS.DataEntity.Master.csproj", "{4D7B3E4B-E965-4F31-A2DD-49B2B39BADFD}"
EndProject
Project("{FAE04EC0-301F-11D3-BF4B-00C04F79EFBC}") = "SECOM_AJIS.Entity.Common", "SECOM_AJIS.Entity.Common\SECOM_AJIS.Entity.Common.csproj", "{527A7562-621E-47CD-92CB-E0FA26660A4E}"
EndProject
Project("{FAE04EC0-301F-11D3-BF4B-00C04F79EFBC}") = "SECOM_AJIS.DataEntity.Common", "SECOM_AJIS.DataEntity.Common\SECOM_AJIS.DataEntity.Common.csproj", "{47ACFDCD-BB7F-4069-9B3E-DA0263312BDC}"
EndProject
Project("{FAE04EC0-301F-11D3-BF4B-00C04F79EFBC}") = "SECOM_AJIS.Interface.Quotation", "SECOM_AJIS.Interface.Quotation\SECOM_AJIS.Interface.Quotation.csproj", "{1F3EE1E7-4718-4410-A396-6C7B0E5A95C5}"
EndProject
Project("{FAE04EC0-301F-11D3-BF4B-00C04F79EFBC}") = "SECOM_AJIS.Entity.Quotation", "SECOM_AJIS.Entity.Quotation\SECOM_AJIS.Entity.Quotation.csproj", "{E44DC4DC-CE32-4CE7-9CB6-ADDEDFDF1B23}"
EndProject
Project("{FAE04EC0-301F-11D3-BF4B-00C04F79EFBC}") = "SECOM_AJIS.DataEntity.Quotation", "SECOM_AJIS.DataEntity.Quotation\SECOM_AJIS.DataEntity.Quotation.csproj", "{5FCD8306-0B6B-4224-92AD-8589700B4BFB}"
EndProject
Project("{FAE04EC0-301F-11D3-BF4B-00C04F79EFBC}") = "SECOM_AJIS.Entity.Contract", "SECOM_AJIS.Entity.Contract\SECOM_AJIS.Entity.Contract.csproj", "{22F8AFE0-0CBB-4543-A703-2C29A1E2105A}"
EndProject
Project("{FAE04EC0-301F-11D3-BF4B-00C04F79EFBC}") = "SECOM_AJIS.DataEntity.Contract", "SECOM_AJIS.DataEntity.Contract\SECOM_AJIS.DataEntity.Contract.csproj", "{0BD063C2-563C-489E-A3A2-337881A8CBAB}"
EndProject
Project("{FAE04EC0-301F-11D3-BF4B-00C04F79EFBC}") = "SECOM_AJIS.Interface.Contract", "SECOM_AJIS.Interface.Contract\SECOM_AJIS.Interface.Contract.csproj", "{99F59DB1-92D2-49BB-9FCD-46D7880F089E}"
EndProject
Project("{FAE04EC0-301F-11D3-BF4B-00C04F79EFBC}") = "SECOM_AJIS.DataEntity.Installation", "SECOM_AJIS.DataEntity.Installation\SECOM_AJIS.DataEntity.Installation.csproj", "{B7341E95-F839-42F7-98B4-11C4B0EDDCC4}"
EndProject
Project("{FAE04EC0-301F-11D3-BF4B-00C04F79EFBC}") = "SECOM_AJIS.Interface.Installation", "SECOM_AJIS.Interface.Installation\SECOM_AJIS.Interface.Installation.csproj", "{BFF36845-756B-4D9B-A575-DEBC4099774B}"
EndProject
Project("{FAE04EC0-301F-11D3-BF4B-00C04F79EFBC}") = "SECOM_AJIS.Presentation.Installation", "SECOM_AJIS.Presentation.Installation\SECOM_AJIS.Presentation.Installation.csproj", "{CC14D8A4-4238-4076-B1D2-439B7CD3C4E0}"
EndProject
Project("{FAE04EC0-301F-11D3-BF4B-00C04F79EFBC}") = "SECOM_AJIS.Entity.Installation", "SECOM_AJIS.Entity.Installation\SECOM_AJIS.Entity.Installation.csproj", "{E952E4EE-DD08-4187-AD89-0F56C4CF8D7D}"
EndProject
Project("{FAE04EC0-301F-11D3-BF4B-00C04F79EFBC}") = "SECOM_AJIS.Presentation.Inventory", "SECOM_AJIS.Presentation.Inventory\SECOM_AJIS.Presentation.Inventory.csproj", "{C84596E4-F762-4035-9B76-344A613B8E57}"
EndProject
Project("{FAE04EC0-301F-11D3-BF4B-00C04F79EFBC}") = "SECOM_AJIS.Interface.Inventory", "SECOM_AJIS.Interface.Inventory\SECOM_AJIS.Interface.Inventory.csproj", "{0CB3F45D-11BB-45C1-8031-BB960C5C5B0D}"
EndProject
Project("{FAE04EC0-301F-11D3-BF4B-00C04F79EFBC}") = "SECOM_AJIS.Entity.Inventory", "SECOM_AJIS.Entity.Inventory\SECOM_AJIS.Entity.Inventory.csproj", "{DDC95591-2286-4A85-BD76-C3499101BA98}"
EndProject
Project("{FAE04EC0-301F-11D3-BF4B-00C04F79EFBC}") = "SECOM_AJIS.DataEntity.Inventory", "SECOM_AJIS.DataEntity.Inventory\SECOM_AJIS.DataEntity.Inventory.csproj", "{5F70B63F-3198-43EB-B452-0B42CF40EDD1}"
EndProject
Project("{FAE04EC0-301F-11D3-BF4B-00C04F79EFBC}") = "SECOM_AJIS.Presentation.Billing", "SECOM_AJIS.Presentation.Billing\SECOM_AJIS.Presentation.Billing.csproj", "{828330C8-8090-4361-865B-34988482F3D3}"
EndProject
Project("{FAE04EC0-301F-11D3-BF4B-00C04F79EFBC}") = "SECOM_AJIS.Entity.Billing", "SECOM_AJIS.Entity.Billing\SECOM_AJIS.Entity.Billing.csproj", "{D5237D53-9467-4B1E-92D7-B91C8358402C}"
EndProject
Project("{FAE04EC0-301F-11D3-BF4B-00C04F79EFBC}") = "SECOM_AJIS.DataEntity.Billing", "SECOM_AJIS.DataEntity.Billing\SECOM_AJIS.DataEntity.Billing.csproj", "{D2EAD138-C647-4F68-9474-11877BC5C215}"
EndProject
Project("{FAE04EC0-301F-11D3-BF4B-00C04F79EFBC}") = "SECOM_AJIS.Interface.Billing", "SECOM_AJIS.Interface.Billing\SECOM_AJIS.Interface.Billing.csproj", "{0958FEAD-16B9-4BB9-9C1E-DA33749F7685}"
EndProject
Project("{FAE04EC0-301F-11D3-BF4B-00C04F79EFBC}") = "SECOM_AJIS.Entity.Income", "SECOM_AJIS.Entity.Income\SECOM_AJIS.Entity.Income.csproj", "{82E5CDD0-5A70-4637-9BF2-AE7DED57B8C7}"
EndProject
Project("{FAE04EC0-301F-11D3-BF4B-00C04F79EFBC}") = "SECOM_AJIS.DataEntity.Income", "SECOM_AJIS.DataEntity.Income\SECOM_AJIS.DataEntity.Income.csproj", "{D02689C5-5D70-4D74-8975-D5F2E2E9186B}"
EndProject
Project("{FAE04EC0-301F-11D3-BF4B-00C04F79EFBC}") = "SECOM_AJIS.Interface.Income", "SECOM_AJIS.Interface.Income\SECOM_AJIS.Interface.Income.csproj", "{BA5911DE-A7E3-467B-8857-1528A134CE42}"
EndProject
Project("{FAE04EC0-301F-11D3-BF4B-00C04F79EFBC}") = "SECOM_AJIS.Presentation.Income", "SECOM_AJIS.Presentation.Income\SECOM_AJIS.Presentation.Income.csproj", "{18CC76CE-0043-41A5-B278-C388A6927631}"
EndProject
Project("{FAE04EC0-301F-11D3-BF4B-00C04F79EFBC}") = "SECOM_AJIS.JobScheduler", "SECOM_AJIS.JobScheduler\SECOM_AJIS.JobScheduler.csproj", "{0972BFD8-3D4F-47B4-8A52-35DA9A23DB83}"
EndProject
Project("{FAE04EC0-301F-11D3-BF4B-00C04F79EFBC}") = "SECOM_AJIS.JobScheduler.Injectors", "SECOM_AJIS.JobScheduler.Injectors\SECOM_AJIS.JobScheduler.Injectors.csproj", "{2E9AC01B-5B39-46BE-8EBA-47EAC68A4F5E}"
EndProject
Project("{FAE04EC0-301F-11D3-BF4B-00C04F79EFBC}") = "SECOM_AJIS.BusinessEntity.Common", "SECOM_AJIS.BusinessEntity.Common\SECOM_AJIS.BusinessEntity.Common.csproj", "{C1129FE8-B7ED-4106-825A-7736F4AA4212}"
EndProject
Project("{00D1A9C2-B5F0-4AF3-8072-F6C62B433612}") = "SECOM_AJIS.SQL_CLR", "SECOM_AJIS.SQL_CLR\SECOM_AJIS.SQL_CLR.sqlproj", "{A9657B46-5422-4879-BD99-B34B4F5E1140}"
EndProject
Project("{FAE04EC0-301F-11D3-BF4B-00C04F79EFBC}") = "SECOM_AJIS.BusinessEntity.Master", "SECOM_AJIS.BusinessEntity.Master\SECOM_AJIS.BusinessEntity.Master.csproj", "{070A128C-ABB5-4FFE-A4C5-C0A3D6903F19}"
EndProject
Project("{FAE04EC0-301F-11D3-BF4B-00C04F79EFBC}") = "SECOM_AJIS", "SECOM_AJIS\SECOM_AJIS.csproj", "{FD81B7B3-3B2C-458B-ABDF-23E0919604C1}"
EndProject
Project("{2150E333-8FDC-42A3-9474-1A3956D46DE8}") = "ExchangeRate", "ExchangeRate", "{59430735-8212-4C53-B97B-F65581ECCECE}"
EndProject
Project("{FAE04EC0-301F-11D3-BF4B-00C04F79EFBC}") = "SECOM_AJIS.DataEntity.ExchangeRate", "SECOM_AJIS.DataEntity.ExchangeRate\SECOM_AJIS.DataEntity.ExchangeRate.csproj", "{DBEE8AD2-0E4C-4CF6-9C20-17D19011D93F}"
EndProject
Project("{FAE04EC0-301F-11D3-BF4B-00C04F79EFBC}") = "SECOM_AJIS.Entity.ExchangeRate", "SECOM_AJIS.Entity.ExchangeRate\SECOM_AJIS.Entity.ExchangeRate.csproj", "{8051467F-CDC1-4502-8F24-016349C58BE8}"
EndProject
Project("{FAE04EC0-301F-11D3-BF4B-00C04F79EFBC}") = "SECOM_AJIS.Interface.ExchangeRate", "SECOM_AJIS.Interface.ExchangeRate\SECOM_AJIS.Interface.ExchangeRate.csproj", "{09F6D1F5-29CB-4A1E-9177-2563CC8DA0AB}"
EndProject
Project("{FAE04EC0-301F-11D3-BF4B-00C04F79EFBC}") = "SECOM_AJIS.Presentation.ExchangeRate", "SECOM_AJIS.Presentation.ExchangeRate\SECOM_AJIS.Presentation.ExchangeRate.csproj", "{E4247DC1-5FB1-4BC3-9919-6ABF733AA825}"
EndProject
Project("{FAE04EC0-301F-11D3-BF4B-00C04F79EFBC}") = "SECOM_AJIS.RateCalcuration", "SECOM_AJIS.RateCalcuration\SECOM_AJIS.RateCalcuration.csproj", "{4032020E-5FB4-4565-A5C6-3F3E9503FCA0}"
EndProject
Project("{2150E333-8FDC-42A3-9474-1A3956D46DE8}") = "BatchService", "BatchService", "{D654D03F-9939-45E9-9AAC-B4FE5FF181D8}"
EndProject
Project("{FAE04EC0-301F-11D3-BF4B-00C04F79EFBC}") = "SECOM_AJIS.BatchService", "SECOM_AJIS.BatchService\SECOM_AJIS.BatchService.csproj", "{DA9A6FC6-AE67-4E38-AEC5-52A0BA5BE0AB}"
EndProject
Project("{FAE04EC0-301F-11D3-BF4B-00C04F79EFBC}") = "SECOM_AJIS.BatchServiceTest", "SECOM_AJIS.BatchServiceTest\SECOM_AJIS.BatchServiceTest\SECOM_AJIS.BatchServiceTest.csproj", "{82AD3D9D-23E2-42AC-85D3-6079CB18997E}"
EndProject
Project("{2150E333-8FDC-42A3-9474-1A3956D46DE8}") = "PrintService", "PrintService", "{069A766B-787B-4BD5-A458-D2EA8078B680}"
EndProject
Project("{FAE04EC0-301F-11D3-BF4B-00C04F79EFBC}") = "SECOM_AJIS.PrintService", "SECOM_AJIS.PrintService\SECOM_AJIS.PrintService.csproj", "{C5296B84-27C9-41E1-B78A-3E82CCEC5D70}"
EndProject
Project("{FAE04EC0-301F-11D3-BF4B-00C04F79EFBC}") = "SECOM_AJIS.PrintServiceTest", "SECOM_AJIS.PrintServiceTest\SECOM_AJIS.PrintServiceTest.csproj", "{820BBFFA-5963-4A6B-83D6-020D25A148C6}"
EndProject
Project("{2150E333-8FDC-42A3-9474-1A3956D46DE8}") = "Accounting", "Accounting", "{BD2813F9-EBA5-486B-BB42-E033E07645BB}"
EndProject
Project("{FAE04EC0-301F-11D3-BF4B-00C04F79EFBC}") = "SECOM_AJIS.Presentation.Accounting", "SECOM_AJIS.Presentation.Accounting\SECOM_AJIS.Presentation.Accounting.csproj", "{4DE70822-5F55-401C-A03A-54CB7F186179}"
EndProject
Project("{FAE04EC0-301F-11D3-BF4B-00C04F79EFBC}") = "SECOM_AJIS.DataEntity.Accounting", "SECOM_AJIS.DataEntity.Accounting\SECOM_AJIS.DataEntity.Accounting.csproj", "{ED6A3FD2-5B07-403D-8043-2C93A0D97E6F}"
EndProject
Project("{FAE04EC0-301F-11D3-BF4B-00C04F79EFBC}") = "SECOM_AJIS.Entity.Accounting", "SECOM_AJIS.Entity.Accounting\SECOM_AJIS.Entity.Accounting.csproj", "{32EDCE9B-1B94-41E3-A56D-4341BE6101AB}"
EndProject
Global
	GlobalSection(SolutionConfigurationPlatforms) = preSolution
		Debug|Any CPU = Debug|Any CPU
		Debug|Mixed Platforms = Debug|Mixed Platforms
		Debug|x86 = Debug|x86
		Release|Any CPU = Release|Any CPU
		Release|Mixed Platforms = Release|Mixed Platforms
		Release|x86 = Release|x86
	EndGlobalSection
	GlobalSection(ProjectConfigurationPlatforms) = postSolution
		{4890E853-1C31-4230-8FA1-5D451C115875}.Debug|Any CPU.ActiveCfg = Debug|Any CPU
		{4890E853-1C31-4230-8FA1-5D451C115875}.Debug|Any CPU.Build.0 = Debug|Any CPU
		{4890E853-1C31-4230-8FA1-5D451C115875}.Debug|Mixed Platforms.ActiveCfg = Debug|Any CPU
		{4890E853-1C31-4230-8FA1-5D451C115875}.Debug|Mixed Platforms.Build.0 = Debug|Any CPU
		{4890E853-1C31-4230-8FA1-5D451C115875}.Debug|x86.ActiveCfg = Debug|Any CPU
		{4890E853-1C31-4230-8FA1-5D451C115875}.Release|Any CPU.ActiveCfg = Release|Any CPU
		{4890E853-1C31-4230-8FA1-5D451C115875}.Release|Any CPU.Build.0 = Release|Any CPU
		{4890E853-1C31-4230-8FA1-5D451C115875}.Release|Mixed Platforms.ActiveCfg = Release|Any CPU
		{4890E853-1C31-4230-8FA1-5D451C115875}.Release|Mixed Platforms.Build.0 = Release|Any CPU
		{4890E853-1C31-4230-8FA1-5D451C115875}.Release|x86.ActiveCfg = Release|Any CPU
		{0177E9AC-5098-42BC-9AC1-9B8862FB3E3C}.Debug|Any CPU.ActiveCfg = Debug|Any CPU
		{0177E9AC-5098-42BC-9AC1-9B8862FB3E3C}.Debug|Any CPU.Build.0 = Debug|Any CPU
		{0177E9AC-5098-42BC-9AC1-9B8862FB3E3C}.Debug|Mixed Platforms.ActiveCfg = Debug|Any CPU
		{0177E9AC-5098-42BC-9AC1-9B8862FB3E3C}.Debug|Mixed Platforms.Build.0 = Debug|Any CPU
		{0177E9AC-5098-42BC-9AC1-9B8862FB3E3C}.Debug|x86.ActiveCfg = Debug|Any CPU
		{0177E9AC-5098-42BC-9AC1-9B8862FB3E3C}.Release|Any CPU.ActiveCfg = Release|Any CPU
		{0177E9AC-5098-42BC-9AC1-9B8862FB3E3C}.Release|Any CPU.Build.0 = Release|Any CPU
		{0177E9AC-5098-42BC-9AC1-9B8862FB3E3C}.Release|Mixed Platforms.ActiveCfg = Release|Any CPU
		{0177E9AC-5098-42BC-9AC1-9B8862FB3E3C}.Release|Mixed Platforms.Build.0 = Release|Any CPU
		{0177E9AC-5098-42BC-9AC1-9B8862FB3E3C}.Release|x86.ActiveCfg = Release|Any CPU
		{3A5B1A39-B295-4D51-833C-37CF1E7F081E}.Debug|Any CPU.ActiveCfg = Debug|Any CPU
		{3A5B1A39-B295-4D51-833C-37CF1E7F081E}.Debug|Any CPU.Build.0 = Debug|Any CPU
		{3A5B1A39-B295-4D51-833C-37CF1E7F081E}.Debug|Mixed Platforms.ActiveCfg = Debug|Any CPU
		{3A5B1A39-B295-4D51-833C-37CF1E7F081E}.Debug|Mixed Platforms.Build.0 = Debug|Any CPU
		{3A5B1A39-B295-4D51-833C-37CF1E7F081E}.Debug|x86.ActiveCfg = Debug|Any CPU
		{3A5B1A39-B295-4D51-833C-37CF1E7F081E}.Release|Any CPU.ActiveCfg = Release|Any CPU
		{3A5B1A39-B295-4D51-833C-37CF1E7F081E}.Release|Any CPU.Build.0 = Release|Any CPU
		{3A5B1A39-B295-4D51-833C-37CF1E7F081E}.Release|Mixed Platforms.ActiveCfg = Release|Any CPU
		{3A5B1A39-B295-4D51-833C-37CF1E7F081E}.Release|Mixed Platforms.Build.0 = Release|Any CPU
		{3A5B1A39-B295-4D51-833C-37CF1E7F081E}.Release|x86.ActiveCfg = Release|Any CPU
		{631B2A44-0C13-4DE5-BE00-1C05D1A1AC54}.Debug|Any CPU.ActiveCfg = Debug|Any CPU
		{631B2A44-0C13-4DE5-BE00-1C05D1A1AC54}.Debug|Any CPU.Build.0 = Debug|Any CPU
		{631B2A44-0C13-4DE5-BE00-1C05D1A1AC54}.Debug|Mixed Platforms.ActiveCfg = Debug|Any CPU
		{631B2A44-0C13-4DE5-BE00-1C05D1A1AC54}.Debug|Mixed Platforms.Build.0 = Debug|Any CPU
		{631B2A44-0C13-4DE5-BE00-1C05D1A1AC54}.Debug|x86.ActiveCfg = Debug|Any CPU
		{631B2A44-0C13-4DE5-BE00-1C05D1A1AC54}.Release|Any CPU.ActiveCfg = Release|Any CPU
		{631B2A44-0C13-4DE5-BE00-1C05D1A1AC54}.Release|Any CPU.Build.0 = Release|Any CPU
		{631B2A44-0C13-4DE5-BE00-1C05D1A1AC54}.Release|Mixed Platforms.ActiveCfg = Release|Any CPU
		{631B2A44-0C13-4DE5-BE00-1C05D1A1AC54}.Release|Mixed Platforms.Build.0 = Release|Any CPU
		{631B2A44-0C13-4DE5-BE00-1C05D1A1AC54}.Release|x86.ActiveCfg = Release|Any CPU
		{68DA2208-ACDD-48FE-9D8A-F76B010664C4}.Debug|Any CPU.ActiveCfg = Debug|Any CPU
		{68DA2208-ACDD-48FE-9D8A-F76B010664C4}.Debug|Any CPU.Build.0 = Debug|Any CPU
		{68DA2208-ACDD-48FE-9D8A-F76B010664C4}.Debug|Mixed Platforms.ActiveCfg = Debug|Any CPU
		{68DA2208-ACDD-48FE-9D8A-F76B010664C4}.Debug|Mixed Platforms.Build.0 = Debug|Any CPU
		{68DA2208-ACDD-48FE-9D8A-F76B010664C4}.Debug|x86.ActiveCfg = Debug|Any CPU
		{68DA2208-ACDD-48FE-9D8A-F76B010664C4}.Release|Any CPU.ActiveCfg = Release|Any CPU
		{68DA2208-ACDD-48FE-9D8A-F76B010664C4}.Release|Any CPU.Build.0 = Release|Any CPU
		{68DA2208-ACDD-48FE-9D8A-F76B010664C4}.Release|Mixed Platforms.ActiveCfg = Release|Any CPU
		{68DA2208-ACDD-48FE-9D8A-F76B010664C4}.Release|Mixed Platforms.Build.0 = Release|Any CPU
		{68DA2208-ACDD-48FE-9D8A-F76B010664C4}.Release|x86.ActiveCfg = Release|Any CPU
		{7BF4C432-5804-469C-A3B6-585A2664A820}.Debug|Any CPU.ActiveCfg = Debug|Any CPU
		{7BF4C432-5804-469C-A3B6-585A2664A820}.Debug|Any CPU.Build.0 = Debug|Any CPU
		{7BF4C432-5804-469C-A3B6-585A2664A820}.Debug|Mixed Platforms.ActiveCfg = Debug|Any CPU
		{7BF4C432-5804-469C-A3B6-585A2664A820}.Debug|Mixed Platforms.Build.0 = Debug|Any CPU
		{7BF4C432-5804-469C-A3B6-585A2664A820}.Debug|x86.ActiveCfg = Debug|Any CPU
		{7BF4C432-5804-469C-A3B6-585A2664A820}.Release|Any CPU.ActiveCfg = Release|Any CPU
		{7BF4C432-5804-469C-A3B6-585A2664A820}.Release|Any CPU.Build.0 = Release|Any CPU
		{7BF4C432-5804-469C-A3B6-585A2664A820}.Release|Mixed Platforms.ActiveCfg = Release|Any CPU
		{7BF4C432-5804-469C-A3B6-585A2664A820}.Release|Mixed Platforms.Build.0 = Release|Any CPU
		{7BF4C432-5804-469C-A3B6-585A2664A820}.Release|x86.ActiveCfg = Release|Any CPU
		{0AC1F756-B4CC-4386-B6A3-C58F555E953B}.Debug|Any CPU.ActiveCfg = Debug|Any CPU
		{0AC1F756-B4CC-4386-B6A3-C58F555E953B}.Debug|Any CPU.Build.0 = Debug|Any CPU
		{0AC1F756-B4CC-4386-B6A3-C58F555E953B}.Debug|Mixed Platforms.ActiveCfg = Debug|Any CPU
		{0AC1F756-B4CC-4386-B6A3-C58F555E953B}.Debug|Mixed Platforms.Build.0 = Debug|Any CPU
		{0AC1F756-B4CC-4386-B6A3-C58F555E953B}.Debug|x86.ActiveCfg = Debug|Any CPU
		{0AC1F756-B4CC-4386-B6A3-C58F555E953B}.Release|Any CPU.ActiveCfg = Release|Any CPU
		{0AC1F756-B4CC-4386-B6A3-C58F555E953B}.Release|Any CPU.Build.0 = Release|Any CPU
		{0AC1F756-B4CC-4386-B6A3-C58F555E953B}.Release|Mixed Platforms.ActiveCfg = Release|Any CPU
		{0AC1F756-B4CC-4386-B6A3-C58F555E953B}.Release|Mixed Platforms.Build.0 = Release|Any CPU
		{0AC1F756-B4CC-4386-B6A3-C58F555E953B}.Release|x86.ActiveCfg = Release|Any CPU
		{65F28583-CF30-4765-A871-E97D2AE7F9B9}.Debug|Any CPU.ActiveCfg = Debug|Any CPU
		{65F28583-CF30-4765-A871-E97D2AE7F9B9}.Debug|Any CPU.Build.0 = Debug|Any CPU
		{65F28583-CF30-4765-A871-E97D2AE7F9B9}.Debug|Mixed Platforms.ActiveCfg = Debug|Any CPU
		{65F28583-CF30-4765-A871-E97D2AE7F9B9}.Debug|Mixed Platforms.Build.0 = Debug|Any CPU
		{65F28583-CF30-4765-A871-E97D2AE7F9B9}.Debug|x86.ActiveCfg = Debug|Any CPU
		{65F28583-CF30-4765-A871-E97D2AE7F9B9}.Release|Any CPU.ActiveCfg = Release|Any CPU
		{65F28583-CF30-4765-A871-E97D2AE7F9B9}.Release|Any CPU.Build.0 = Release|Any CPU
		{65F28583-CF30-4765-A871-E97D2AE7F9B9}.Release|Mixed Platforms.ActiveCfg = Release|Any CPU
		{65F28583-CF30-4765-A871-E97D2AE7F9B9}.Release|Mixed Platforms.Build.0 = Release|Any CPU
		{65F28583-CF30-4765-A871-E97D2AE7F9B9}.Release|x86.ActiveCfg = Release|Any CPU
		{4D7B3E4B-E965-4F31-A2DD-49B2B39BADFD}.Debug|Any CPU.ActiveCfg = Debug|Any CPU
		{4D7B3E4B-E965-4F31-A2DD-49B2B39BADFD}.Debug|Any CPU.Build.0 = Debug|Any CPU
		{4D7B3E4B-E965-4F31-A2DD-49B2B39BADFD}.Debug|Mixed Platforms.ActiveCfg = Debug|Any CPU
		{4D7B3E4B-E965-4F31-A2DD-49B2B39BADFD}.Debug|Mixed Platforms.Build.0 = Debug|Any CPU
		{4D7B3E4B-E965-4F31-A2DD-49B2B39BADFD}.Debug|x86.ActiveCfg = Debug|Any CPU
		{4D7B3E4B-E965-4F31-A2DD-49B2B39BADFD}.Release|Any CPU.ActiveCfg = Release|Any CPU
		{4D7B3E4B-E965-4F31-A2DD-49B2B39BADFD}.Release|Any CPU.Build.0 = Release|Any CPU
		{4D7B3E4B-E965-4F31-A2DD-49B2B39BADFD}.Release|Mixed Platforms.ActiveCfg = Release|Any CPU
		{4D7B3E4B-E965-4F31-A2DD-49B2B39BADFD}.Release|Mixed Platforms.Build.0 = Release|Any CPU
		{4D7B3E4B-E965-4F31-A2DD-49B2B39BADFD}.Release|x86.ActiveCfg = Release|Any CPU
		{527A7562-621E-47CD-92CB-E0FA26660A4E}.Debug|Any CPU.ActiveCfg = Debug|Any CPU
		{527A7562-621E-47CD-92CB-E0FA26660A4E}.Debug|Any CPU.Build.0 = Debug|Any CPU
		{527A7562-621E-47CD-92CB-E0FA26660A4E}.Debug|Mixed Platforms.ActiveCfg = Debug|Any CPU
		{527A7562-621E-47CD-92CB-E0FA26660A4E}.Debug|Mixed Platforms.Build.0 = Debug|Any CPU
		{527A7562-621E-47CD-92CB-E0FA26660A4E}.Debug|x86.ActiveCfg = Debug|Any CPU
		{527A7562-621E-47CD-92CB-E0FA26660A4E}.Release|Any CPU.ActiveCfg = Release|Any CPU
		{527A7562-621E-47CD-92CB-E0FA26660A4E}.Release|Any CPU.Build.0 = Release|Any CPU
		{527A7562-621E-47CD-92CB-E0FA26660A4E}.Release|Mixed Platforms.ActiveCfg = Release|Any CPU
		{527A7562-621E-47CD-92CB-E0FA26660A4E}.Release|Mixed Platforms.Build.0 = Release|Any CPU
		{527A7562-621E-47CD-92CB-E0FA26660A4E}.Release|x86.ActiveCfg = Release|Any CPU
		{47ACFDCD-BB7F-4069-9B3E-DA0263312BDC}.Debug|Any CPU.ActiveCfg = Debug|Any CPU
		{47ACFDCD-BB7F-4069-9B3E-DA0263312BDC}.Debug|Any CPU.Build.0 = Debug|Any CPU
		{47ACFDCD-BB7F-4069-9B3E-DA0263312BDC}.Debug|Mixed Platforms.ActiveCfg = Debug|Any CPU
		{47ACFDCD-BB7F-4069-9B3E-DA0263312BDC}.Debug|Mixed Platforms.Build.0 = Debug|Any CPU
		{47ACFDCD-BB7F-4069-9B3E-DA0263312BDC}.Debug|x86.ActiveCfg = Debug|Any CPU
		{47ACFDCD-BB7F-4069-9B3E-DA0263312BDC}.Release|Any CPU.ActiveCfg = Release|Any CPU
		{47ACFDCD-BB7F-4069-9B3E-DA0263312BDC}.Release|Any CPU.Build.0 = Release|Any CPU
		{47ACFDCD-BB7F-4069-9B3E-DA0263312BDC}.Release|Mixed Platforms.ActiveCfg = Release|Any CPU
		{47ACFDCD-BB7F-4069-9B3E-DA0263312BDC}.Release|Mixed Platforms.Build.0 = Release|Any CPU
		{47ACFDCD-BB7F-4069-9B3E-DA0263312BDC}.Release|x86.ActiveCfg = Release|Any CPU
		{1F3EE1E7-4718-4410-A396-6C7B0E5A95C5}.Debug|Any CPU.ActiveCfg = Debug|Any CPU
		{1F3EE1E7-4718-4410-A396-6C7B0E5A95C5}.Debug|Any CPU.Build.0 = Debug|Any CPU
		{1F3EE1E7-4718-4410-A396-6C7B0E5A95C5}.Debug|Mixed Platforms.ActiveCfg = Debug|Any CPU
		{1F3EE1E7-4718-4410-A396-6C7B0E5A95C5}.Debug|Mixed Platforms.Build.0 = Debug|Any CPU
		{1F3EE1E7-4718-4410-A396-6C7B0E5A95C5}.Debug|x86.ActiveCfg = Debug|Any CPU
		{1F3EE1E7-4718-4410-A396-6C7B0E5A95C5}.Release|Any CPU.ActiveCfg = Release|Any CPU
		{1F3EE1E7-4718-4410-A396-6C7B0E5A95C5}.Release|Any CPU.Build.0 = Release|Any CPU
		{1F3EE1E7-4718-4410-A396-6C7B0E5A95C5}.Release|Mixed Platforms.ActiveCfg = Release|Any CPU
		{1F3EE1E7-4718-4410-A396-6C7B0E5A95C5}.Release|Mixed Platforms.Build.0 = Release|Any CPU
		{1F3EE1E7-4718-4410-A396-6C7B0E5A95C5}.Release|x86.ActiveCfg = Release|Any CPU
		{E44DC4DC-CE32-4CE7-9CB6-ADDEDFDF1B23}.Debug|Any CPU.ActiveCfg = Debug|Any CPU
		{E44DC4DC-CE32-4CE7-9CB6-ADDEDFDF1B23}.Debug|Any CPU.Build.0 = Debug|Any CPU
		{E44DC4DC-CE32-4CE7-9CB6-ADDEDFDF1B23}.Debug|Mixed Platforms.ActiveCfg = Debug|Any CPU
		{E44DC4DC-CE32-4CE7-9CB6-ADDEDFDF1B23}.Debug|Mixed Platforms.Build.0 = Debug|Any CPU
		{E44DC4DC-CE32-4CE7-9CB6-ADDEDFDF1B23}.Debug|x86.ActiveCfg = Debug|Any CPU
		{E44DC4DC-CE32-4CE7-9CB6-ADDEDFDF1B23}.Release|Any CPU.ActiveCfg = Release|Any CPU
		{E44DC4DC-CE32-4CE7-9CB6-ADDEDFDF1B23}.Release|Any CPU.Build.0 = Release|Any CPU
		{E44DC4DC-CE32-4CE7-9CB6-ADDEDFDF1B23}.Release|Mixed Platforms.ActiveCfg = Release|Any CPU
		{E44DC4DC-CE32-4CE7-9CB6-ADDEDFDF1B23}.Release|Mixed Platforms.Build.0 = Release|Any CPU
		{E44DC4DC-CE32-4CE7-9CB6-ADDEDFDF1B23}.Release|x86.ActiveCfg = Release|Any CPU
		{5FCD8306-0B6B-4224-92AD-8589700B4BFB}.Debug|Any CPU.ActiveCfg = Debug|Any CPU
		{5FCD8306-0B6B-4224-92AD-8589700B4BFB}.Debug|Any CPU.Build.0 = Debug|Any CPU
		{5FCD8306-0B6B-4224-92AD-8589700B4BFB}.Debug|Mixed Platforms.ActiveCfg = Debug|Any CPU
		{5FCD8306-0B6B-4224-92AD-8589700B4BFB}.Debug|Mixed Platforms.Build.0 = Debug|Any CPU
		{5FCD8306-0B6B-4224-92AD-8589700B4BFB}.Debug|x86.ActiveCfg = Debug|Any CPU
		{5FCD8306-0B6B-4224-92AD-8589700B4BFB}.Release|Any CPU.ActiveCfg = Release|Any CPU
		{5FCD8306-0B6B-4224-92AD-8589700B4BFB}.Release|Any CPU.Build.0 = Release|Any CPU
		{5FCD8306-0B6B-4224-92AD-8589700B4BFB}.Release|Mixed Platforms.ActiveCfg = Release|Any CPU
		{5FCD8306-0B6B-4224-92AD-8589700B4BFB}.Release|Mixed Platforms.Build.0 = Release|Any CPU
		{5FCD8306-0B6B-4224-92AD-8589700B4BFB}.Release|x86.ActiveCfg = Release|Any CPU
		{22F8AFE0-0CBB-4543-A703-2C29A1E2105A}.Debug|Any CPU.ActiveCfg = Debug|Any CPU
		{22F8AFE0-0CBB-4543-A703-2C29A1E2105A}.Debug|Any CPU.Build.0 = Debug|Any CPU
		{22F8AFE0-0CBB-4543-A703-2C29A1E2105A}.Debug|Mixed Platforms.ActiveCfg = Debug|Any CPU
		{22F8AFE0-0CBB-4543-A703-2C29A1E2105A}.Debug|Mixed Platforms.Build.0 = Debug|Any CPU
		{22F8AFE0-0CBB-4543-A703-2C29A1E2105A}.Debug|x86.ActiveCfg = Debug|Any CPU
		{22F8AFE0-0CBB-4543-A703-2C29A1E2105A}.Release|Any CPU.ActiveCfg = Release|Any CPU
		{22F8AFE0-0CBB-4543-A703-2C29A1E2105A}.Release|Any CPU.Build.0 = Release|Any CPU
		{22F8AFE0-0CBB-4543-A703-2C29A1E2105A}.Release|Mixed Platforms.ActiveCfg = Release|Any CPU
		{22F8AFE0-0CBB-4543-A703-2C29A1E2105A}.Release|Mixed Platforms.Build.0 = Release|Any CPU
		{22F8AFE0-0CBB-4543-A703-2C29A1E2105A}.Release|x86.ActiveCfg = Release|Any CPU
		{0BD063C2-563C-489E-A3A2-337881A8CBAB}.Debug|Any CPU.ActiveCfg = Debug|Any CPU
		{0BD063C2-563C-489E-A3A2-337881A8CBAB}.Debug|Any CPU.Build.0 = Debug|Any CPU
		{0BD063C2-563C-489E-A3A2-337881A8CBAB}.Debug|Mixed Platforms.ActiveCfg = Debug|Any CPU
		{0BD063C2-563C-489E-A3A2-337881A8CBAB}.Debug|Mixed Platforms.Build.0 = Debug|Any CPU
		{0BD063C2-563C-489E-A3A2-337881A8CBAB}.Debug|x86.ActiveCfg = Debug|Any CPU
		{0BD063C2-563C-489E-A3A2-337881A8CBAB}.Release|Any CPU.ActiveCfg = Release|Any CPU
		{0BD063C2-563C-489E-A3A2-337881A8CBAB}.Release|Any CPU.Build.0 = Release|Any CPU
		{0BD063C2-563C-489E-A3A2-337881A8CBAB}.Release|Mixed Platforms.ActiveCfg = Release|Any CPU
		{0BD063C2-563C-489E-A3A2-337881A8CBAB}.Release|Mixed Platforms.Build.0 = Release|Any CPU
		{0BD063C2-563C-489E-A3A2-337881A8CBAB}.Release|x86.ActiveCfg = Release|Any CPU
		{99F59DB1-92D2-49BB-9FCD-46D7880F089E}.Debug|Any CPU.ActiveCfg = Debug|Any CPU
		{99F59DB1-92D2-49BB-9FCD-46D7880F089E}.Debug|Any CPU.Build.0 = Debug|Any CPU
		{99F59DB1-92D2-49BB-9FCD-46D7880F089E}.Debug|Mixed Platforms.ActiveCfg = Debug|Any CPU
		{99F59DB1-92D2-49BB-9FCD-46D7880F089E}.Debug|Mixed Platforms.Build.0 = Debug|Any CPU
		{99F59DB1-92D2-49BB-9FCD-46D7880F089E}.Debug|x86.ActiveCfg = Debug|Any CPU
		{99F59DB1-92D2-49BB-9FCD-46D7880F089E}.Release|Any CPU.ActiveCfg = Release|Any CPU
		{99F59DB1-92D2-49BB-9FCD-46D7880F089E}.Release|Any CPU.Build.0 = Release|Any CPU
		{99F59DB1-92D2-49BB-9FCD-46D7880F089E}.Release|Mixed Platforms.ActiveCfg = Release|Any CPU
		{99F59DB1-92D2-49BB-9FCD-46D7880F089E}.Release|Mixed Platforms.Build.0 = Release|Any CPU
		{99F59DB1-92D2-49BB-9FCD-46D7880F089E}.Release|x86.ActiveCfg = Release|Any CPU
		{B7341E95-F839-42F7-98B4-11C4B0EDDCC4}.Debug|Any CPU.ActiveCfg = Debug|Any CPU
		{B7341E95-F839-42F7-98B4-11C4B0EDDCC4}.Debug|Any CPU.Build.0 = Debug|Any CPU
		{B7341E95-F839-42F7-98B4-11C4B0EDDCC4}.Debug|Mixed Platforms.ActiveCfg = Debug|Any CPU
		{B7341E95-F839-42F7-98B4-11C4B0EDDCC4}.Debug|Mixed Platforms.Build.0 = Debug|Any CPU
		{B7341E95-F839-42F7-98B4-11C4B0EDDCC4}.Debug|x86.ActiveCfg = Debug|Any CPU
		{B7341E95-F839-42F7-98B4-11C4B0EDDCC4}.Release|Any CPU.ActiveCfg = Release|Any CPU
		{B7341E95-F839-42F7-98B4-11C4B0EDDCC4}.Release|Any CPU.Build.0 = Release|Any CPU
		{B7341E95-F839-42F7-98B4-11C4B0EDDCC4}.Release|Mixed Platforms.ActiveCfg = Release|Any CPU
		{B7341E95-F839-42F7-98B4-11C4B0EDDCC4}.Release|Mixed Platforms.Build.0 = Release|Any CPU
		{B7341E95-F839-42F7-98B4-11C4B0EDDCC4}.Release|x86.ActiveCfg = Release|Any CPU
		{BFF36845-756B-4D9B-A575-DEBC4099774B}.Debug|Any CPU.ActiveCfg = Debug|Any CPU
		{BFF36845-756B-4D9B-A575-DEBC4099774B}.Debug|Any CPU.Build.0 = Debug|Any CPU
		{BFF36845-756B-4D9B-A575-DEBC4099774B}.Debug|Mixed Platforms.ActiveCfg = Debug|Any CPU
		{BFF36845-756B-4D9B-A575-DEBC4099774B}.Debug|Mixed Platforms.Build.0 = Debug|Any CPU
		{BFF36845-756B-4D9B-A575-DEBC4099774B}.Debug|x86.ActiveCfg = Debug|Any CPU
		{BFF36845-756B-4D9B-A575-DEBC4099774B}.Release|Any CPU.ActiveCfg = Release|Any CPU
		{BFF36845-756B-4D9B-A575-DEBC4099774B}.Release|Any CPU.Build.0 = Release|Any CPU
		{BFF36845-756B-4D9B-A575-DEBC4099774B}.Release|Mixed Platforms.ActiveCfg = Release|Any CPU
		{BFF36845-756B-4D9B-A575-DEBC4099774B}.Release|Mixed Platforms.Build.0 = Release|Any CPU
		{BFF36845-756B-4D9B-A575-DEBC4099774B}.Release|x86.ActiveCfg = Release|Any CPU
		{CC14D8A4-4238-4076-B1D2-439B7CD3C4E0}.Debug|Any CPU.ActiveCfg = Debug|Any CPU
		{CC14D8A4-4238-4076-B1D2-439B7CD3C4E0}.Debug|Any CPU.Build.0 = Debug|Any CPU
		{CC14D8A4-4238-4076-B1D2-439B7CD3C4E0}.Debug|Mixed Platforms.ActiveCfg = Debug|Any CPU
		{CC14D8A4-4238-4076-B1D2-439B7CD3C4E0}.Debug|Mixed Platforms.Build.0 = Debug|Any CPU
		{CC14D8A4-4238-4076-B1D2-439B7CD3C4E0}.Debug|x86.ActiveCfg = Debug|Any CPU
		{CC14D8A4-4238-4076-B1D2-439B7CD3C4E0}.Release|Any CPU.ActiveCfg = Release|Any CPU
		{CC14D8A4-4238-4076-B1D2-439B7CD3C4E0}.Release|Any CPU.Build.0 = Release|Any CPU
		{CC14D8A4-4238-4076-B1D2-439B7CD3C4E0}.Release|Mixed Platforms.ActiveCfg = Release|Any CPU
		{CC14D8A4-4238-4076-B1D2-439B7CD3C4E0}.Release|Mixed Platforms.Build.0 = Release|Any CPU
		{CC14D8A4-4238-4076-B1D2-439B7CD3C4E0}.Release|x86.ActiveCfg = Release|Any CPU
		{E952E4EE-DD08-4187-AD89-0F56C4CF8D7D}.Debug|Any CPU.ActiveCfg = Debug|Any CPU
		{E952E4EE-DD08-4187-AD89-0F56C4CF8D7D}.Debug|Any CPU.Build.0 = Debug|Any CPU
		{E952E4EE-DD08-4187-AD89-0F56C4CF8D7D}.Debug|Mixed Platforms.ActiveCfg = Debug|Any CPU
		{E952E4EE-DD08-4187-AD89-0F56C4CF8D7D}.Debug|Mixed Platforms.Build.0 = Debug|Any CPU
		{E952E4EE-DD08-4187-AD89-0F56C4CF8D7D}.Debug|x86.ActiveCfg = Debug|Any CPU
		{E952E4EE-DD08-4187-AD89-0F56C4CF8D7D}.Release|Any CPU.ActiveCfg = Release|Any CPU
		{E952E4EE-DD08-4187-AD89-0F56C4CF8D7D}.Release|Any CPU.Build.0 = Release|Any CPU
		{E952E4EE-DD08-4187-AD89-0F56C4CF8D7D}.Release|Mixed Platforms.ActiveCfg = Release|Any CPU
		{E952E4EE-DD08-4187-AD89-0F56C4CF8D7D}.Release|Mixed Platforms.Build.0 = Release|Any CPU
		{E952E4EE-DD08-4187-AD89-0F56C4CF8D7D}.Release|x86.ActiveCfg = Release|Any CPU
		{C84596E4-F762-4035-9B76-344A613B8E57}.Debug|Any CPU.ActiveCfg = Debug|Any CPU
		{C84596E4-F762-4035-9B76-344A613B8E57}.Debug|Any CPU.Build.0 = Debug|Any CPU
		{C84596E4-F762-4035-9B76-344A613B8E57}.Debug|Mixed Platforms.ActiveCfg = Debug|Any CPU
		{C84596E4-F762-4035-9B76-344A613B8E57}.Debug|Mixed Platforms.Build.0 = Debug|Any CPU
		{C84596E4-F762-4035-9B76-344A613B8E57}.Debug|x86.ActiveCfg = Debug|Any CPU
		{C84596E4-F762-4035-9B76-344A613B8E57}.Release|Any CPU.ActiveCfg = Release|Any CPU
		{C84596E4-F762-4035-9B76-344A613B8E57}.Release|Any CPU.Build.0 = Release|Any CPU
		{C84596E4-F762-4035-9B76-344A613B8E57}.Release|Mixed Platforms.ActiveCfg = Release|Any CPU
		{C84596E4-F762-4035-9B76-344A613B8E57}.Release|Mixed Platforms.Build.0 = Release|Any CPU
		{C84596E4-F762-4035-9B76-344A613B8E57}.Release|x86.ActiveCfg = Release|Any CPU
		{0CB3F45D-11BB-45C1-8031-BB960C5C5B0D}.Debug|Any CPU.ActiveCfg = Debug|Any CPU
		{0CB3F45D-11BB-45C1-8031-BB960C5C5B0D}.Debug|Any CPU.Build.0 = Debug|Any CPU
		{0CB3F45D-11BB-45C1-8031-BB960C5C5B0D}.Debug|Mixed Platforms.ActiveCfg = Debug|Any CPU
		{0CB3F45D-11BB-45C1-8031-BB960C5C5B0D}.Debug|Mixed Platforms.Build.0 = Debug|Any CPU
		{0CB3F45D-11BB-45C1-8031-BB960C5C5B0D}.Debug|x86.ActiveCfg = Debug|Any CPU
		{0CB3F45D-11BB-45C1-8031-BB960C5C5B0D}.Release|Any CPU.ActiveCfg = Release|Any CPU
		{0CB3F45D-11BB-45C1-8031-BB960C5C5B0D}.Release|Any CPU.Build.0 = Release|Any CPU
		{0CB3F45D-11BB-45C1-8031-BB960C5C5B0D}.Release|Mixed Platforms.ActiveCfg = Release|Any CPU
		{0CB3F45D-11BB-45C1-8031-BB960C5C5B0D}.Release|Mixed Platforms.Build.0 = Release|Any CPU
		{0CB3F45D-11BB-45C1-8031-BB960C5C5B0D}.Release|x86.ActiveCfg = Release|Any CPU
		{DDC95591-2286-4A85-BD76-C3499101BA98}.Debug|Any CPU.ActiveCfg = Debug|Any CPU
		{DDC95591-2286-4A85-BD76-C3499101BA98}.Debug|Any CPU.Build.0 = Debug|Any CPU
		{DDC95591-2286-4A85-BD76-C3499101BA98}.Debug|Mixed Platforms.ActiveCfg = Debug|Any CPU
		{DDC95591-2286-4A85-BD76-C3499101BA98}.Debug|Mixed Platforms.Build.0 = Debug|Any CPU
		{DDC95591-2286-4A85-BD76-C3499101BA98}.Debug|x86.ActiveCfg = Debug|Any CPU
		{DDC95591-2286-4A85-BD76-C3499101BA98}.Release|Any CPU.ActiveCfg = Release|Any CPU
		{DDC95591-2286-4A85-BD76-C3499101BA98}.Release|Any CPU.Build.0 = Release|Any CPU
		{DDC95591-2286-4A85-BD76-C3499101BA98}.Release|Mixed Platforms.ActiveCfg = Release|Any CPU
		{DDC95591-2286-4A85-BD76-C3499101BA98}.Release|Mixed Platforms.Build.0 = Release|Any CPU
		{DDC95591-2286-4A85-BD76-C3499101BA98}.Release|x86.ActiveCfg = Release|Any CPU
		{5F70B63F-3198-43EB-B452-0B42CF40EDD1}.Debug|Any CPU.ActiveCfg = Debug|Any CPU
		{5F70B63F-3198-43EB-B452-0B42CF40EDD1}.Debug|Any CPU.Build.0 = Debug|Any CPU
		{5F70B63F-3198-43EB-B452-0B42CF40EDD1}.Debug|Mixed Platforms.ActiveCfg = Debug|Any CPU
		{5F70B63F-3198-43EB-B452-0B42CF40EDD1}.Debug|Mixed Platforms.Build.0 = Debug|Any CPU
		{5F70B63F-3198-43EB-B452-0B42CF40EDD1}.Debug|x86.ActiveCfg = Debug|Any CPU
		{5F70B63F-3198-43EB-B452-0B42CF40EDD1}.Release|Any CPU.ActiveCfg = Release|Any CPU
		{5F70B63F-3198-43EB-B452-0B42CF40EDD1}.Release|Any CPU.Build.0 = Release|Any CPU
		{5F70B63F-3198-43EB-B452-0B42CF40EDD1}.Release|Mixed Platforms.ActiveCfg = Release|Any CPU
		{5F70B63F-3198-43EB-B452-0B42CF40EDD1}.Release|Mixed Platforms.Build.0 = Release|Any CPU
		{5F70B63F-3198-43EB-B452-0B42CF40EDD1}.Release|x86.ActiveCfg = Release|Any CPU
		{828330C8-8090-4361-865B-34988482F3D3}.Debug|Any CPU.ActiveCfg = Debug|Any CPU
		{828330C8-8090-4361-865B-34988482F3D3}.Debug|Any CPU.Build.0 = Debug|Any CPU
		{828330C8-8090-4361-865B-34988482F3D3}.Debug|Mixed Platforms.ActiveCfg = Debug|Any CPU
		{828330C8-8090-4361-865B-34988482F3D3}.Debug|Mixed Platforms.Build.0 = Debug|Any CPU
		{828330C8-8090-4361-865B-34988482F3D3}.Debug|x86.ActiveCfg = Debug|Any CPU
		{828330C8-8090-4361-865B-34988482F3D3}.Release|Any CPU.ActiveCfg = Release|Any CPU
		{828330C8-8090-4361-865B-34988482F3D3}.Release|Any CPU.Build.0 = Release|Any CPU
		{828330C8-8090-4361-865B-34988482F3D3}.Release|Mixed Platforms.ActiveCfg = Release|Any CPU
		{828330C8-8090-4361-865B-34988482F3D3}.Release|Mixed Platforms.Build.0 = Release|Any CPU
		{828330C8-8090-4361-865B-34988482F3D3}.Release|x86.ActiveCfg = Release|Any CPU
		{D5237D53-9467-4B1E-92D7-B91C8358402C}.Debug|Any CPU.ActiveCfg = Debug|Any CPU
		{D5237D53-9467-4B1E-92D7-B91C8358402C}.Debug|Any CPU.Build.0 = Debug|Any CPU
		{D5237D53-9467-4B1E-92D7-B91C8358402C}.Debug|Mixed Platforms.ActiveCfg = Debug|Any CPU
		{D5237D53-9467-4B1E-92D7-B91C8358402C}.Debug|Mixed Platforms.Build.0 = Debug|Any CPU
		{D5237D53-9467-4B1E-92D7-B91C8358402C}.Debug|x86.ActiveCfg = Debug|Any CPU
		{D5237D53-9467-4B1E-92D7-B91C8358402C}.Release|Any CPU.ActiveCfg = Release|Any CPU
		{D5237D53-9467-4B1E-92D7-B91C8358402C}.Release|Any CPU.Build.0 = Release|Any CPU
		{D5237D53-9467-4B1E-92D7-B91C8358402C}.Release|Mixed Platforms.ActiveCfg = Release|Any CPU
		{D5237D53-9467-4B1E-92D7-B91C8358402C}.Release|Mixed Platforms.Build.0 = Release|Any CPU
		{D5237D53-9467-4B1E-92D7-B91C8358402C}.Release|x86.ActiveCfg = Release|Any CPU
		{D2EAD138-C647-4F68-9474-11877BC5C215}.Debug|Any CPU.ActiveCfg = Debug|Any CPU
		{D2EAD138-C647-4F68-9474-11877BC5C215}.Debug|Any CPU.Build.0 = Debug|Any CPU
		{D2EAD138-C647-4F68-9474-11877BC5C215}.Debug|Mixed Platforms.ActiveCfg = Debug|Any CPU
		{D2EAD138-C647-4F68-9474-11877BC5C215}.Debug|Mixed Platforms.Build.0 = Debug|Any CPU
		{D2EAD138-C647-4F68-9474-11877BC5C215}.Debug|x86.ActiveCfg = Debug|Any CPU
		{D2EAD138-C647-4F68-9474-11877BC5C215}.Release|Any CPU.ActiveCfg = Release|Any CPU
		{D2EAD138-C647-4F68-9474-11877BC5C215}.Release|Any CPU.Build.0 = Release|Any CPU
		{D2EAD138-C647-4F68-9474-11877BC5C215}.Release|Mixed Platforms.ActiveCfg = Release|Any CPU
		{D2EAD138-C647-4F68-9474-11877BC5C215}.Release|Mixed Platforms.Build.0 = Release|Any CPU
		{D2EAD138-C647-4F68-9474-11877BC5C215}.Release|x86.ActiveCfg = Release|Any CPU
		{0958FEAD-16B9-4BB9-9C1E-DA33749F7685}.Debug|Any CPU.ActiveCfg = Debug|Any CPU
		{0958FEAD-16B9-4BB9-9C1E-DA33749F7685}.Debug|Any CPU.Build.0 = Debug|Any CPU
		{0958FEAD-16B9-4BB9-9C1E-DA33749F7685}.Debug|Mixed Platforms.ActiveCfg = Debug|Any CPU
		{0958FEAD-16B9-4BB9-9C1E-DA33749F7685}.Debug|Mixed Platforms.Build.0 = Debug|Any CPU
		{0958FEAD-16B9-4BB9-9C1E-DA33749F7685}.Debug|x86.ActiveCfg = Debug|Any CPU
		{0958FEAD-16B9-4BB9-9C1E-DA33749F7685}.Release|Any CPU.ActiveCfg = Release|Any CPU
		{0958FEAD-16B9-4BB9-9C1E-DA33749F7685}.Release|Any CPU.Build.0 = Release|Any CPU
		{0958FEAD-16B9-4BB9-9C1E-DA33749F7685}.Release|Mixed Platforms.ActiveCfg = Release|Any CPU
		{0958FEAD-16B9-4BB9-9C1E-DA33749F7685}.Release|Mixed Platforms.Build.0 = Release|Any CPU
		{0958FEAD-16B9-4BB9-9C1E-DA33749F7685}.Release|x86.ActiveCfg = Release|Any CPU
		{82E5CDD0-5A70-4637-9BF2-AE7DED57B8C7}.Debug|Any CPU.ActiveCfg = Debug|Any CPU
		{82E5CDD0-5A70-4637-9BF2-AE7DED57B8C7}.Debug|Any CPU.Build.0 = Debug|Any CPU
		{82E5CDD0-5A70-4637-9BF2-AE7DED57B8C7}.Debug|Mixed Platforms.ActiveCfg = Debug|Any CPU
		{82E5CDD0-5A70-4637-9BF2-AE7DED57B8C7}.Debug|Mixed Platforms.Build.0 = Debug|Any CPU
		{82E5CDD0-5A70-4637-9BF2-AE7DED57B8C7}.Debug|x86.ActiveCfg = Debug|Any CPU
		{82E5CDD0-5A70-4637-9BF2-AE7DED57B8C7}.Release|Any CPU.ActiveCfg = Release|Any CPU
		{82E5CDD0-5A70-4637-9BF2-AE7DED57B8C7}.Release|Any CPU.Build.0 = Release|Any CPU
		{82E5CDD0-5A70-4637-9BF2-AE7DED57B8C7}.Release|Mixed Platforms.ActiveCfg = Release|Any CPU
		{82E5CDD0-5A70-4637-9BF2-AE7DED57B8C7}.Release|Mixed Platforms.Build.0 = Release|Any CPU
		{82E5CDD0-5A70-4637-9BF2-AE7DED57B8C7}.Release|x86.ActiveCfg = Release|Any CPU
		{D02689C5-5D70-4D74-8975-D5F2E2E9186B}.Debug|Any CPU.ActiveCfg = Debug|Any CPU
		{D02689C5-5D70-4D74-8975-D5F2E2E9186B}.Debug|Any CPU.Build.0 = Debug|Any CPU
		{D02689C5-5D70-4D74-8975-D5F2E2E9186B}.Debug|Mixed Platforms.ActiveCfg = Debug|Any CPU
		{D02689C5-5D70-4D74-8975-D5F2E2E9186B}.Debug|Mixed Platforms.Build.0 = Debug|Any CPU
		{D02689C5-5D70-4D74-8975-D5F2E2E9186B}.Debug|x86.ActiveCfg = Debug|Any CPU
		{D02689C5-5D70-4D74-8975-D5F2E2E9186B}.Release|Any CPU.ActiveCfg = Release|Any CPU
		{D02689C5-5D70-4D74-8975-D5F2E2E9186B}.Release|Any CPU.Build.0 = Release|Any CPU
		{D02689C5-5D70-4D74-8975-D5F2E2E9186B}.Release|Mixed Platforms.ActiveCfg = Release|Any CPU
		{D02689C5-5D70-4D74-8975-D5F2E2E9186B}.Release|Mixed Platforms.Build.0 = Release|Any CPU
		{D02689C5-5D70-4D74-8975-D5F2E2E9186B}.Release|x86.ActiveCfg = Release|Any CPU
		{BA5911DE-A7E3-467B-8857-1528A134CE42}.Debug|Any CPU.ActiveCfg = Debug|Any CPU
		{BA5911DE-A7E3-467B-8857-1528A134CE42}.Debug|Any CPU.Build.0 = Debug|Any CPU
		{BA5911DE-A7E3-467B-8857-1528A134CE42}.Debug|Mixed Platforms.ActiveCfg = Debug|Any CPU
		{BA5911DE-A7E3-467B-8857-1528A134CE42}.Debug|Mixed Platforms.Build.0 = Debug|Any CPU
		{BA5911DE-A7E3-467B-8857-1528A134CE42}.Debug|x86.ActiveCfg = Debug|Any CPU
		{BA5911DE-A7E3-467B-8857-1528A134CE42}.Release|Any CPU.ActiveCfg = Release|Any CPU
		{BA5911DE-A7E3-467B-8857-1528A134CE42}.Release|Any CPU.Build.0 = Release|Any CPU
		{BA5911DE-A7E3-467B-8857-1528A134CE42}.Release|Mixed Platforms.ActiveCfg = Release|Any CPU
		{BA5911DE-A7E3-467B-8857-1528A134CE42}.Release|Mixed Platforms.Build.0 = Release|Any CPU
		{BA5911DE-A7E3-467B-8857-1528A134CE42}.Release|x86.ActiveCfg = Release|Any CPU
		{18CC76CE-0043-41A5-B278-C388A6927631}.Debug|Any CPU.ActiveCfg = Debug|Any CPU
		{18CC76CE-0043-41A5-B278-C388A6927631}.Debug|Any CPU.Build.0 = Debug|Any CPU
		{18CC76CE-0043-41A5-B278-C388A6927631}.Debug|Mixed Platforms.ActiveCfg = Debug|Any CPU
		{18CC76CE-0043-41A5-B278-C388A6927631}.Debug|Mixed Platforms.Build.0 = Debug|Any CPU
		{18CC76CE-0043-41A5-B278-C388A6927631}.Debug|x86.ActiveCfg = Debug|Any CPU
		{18CC76CE-0043-41A5-B278-C388A6927631}.Release|Any CPU.ActiveCfg = Release|Any CPU
		{18CC76CE-0043-41A5-B278-C388A6927631}.Release|Any CPU.Build.0 = Release|Any CPU
		{18CC76CE-0043-41A5-B278-C388A6927631}.Release|Mixed Platforms.ActiveCfg = Release|Any CPU
		{18CC76CE-0043-41A5-B278-C388A6927631}.Release|Mixed Platforms.Build.0 = Release|Any CPU
		{18CC76CE-0043-41A5-B278-C388A6927631}.Release|x86.ActiveCfg = Release|Any CPU
		{0972BFD8-3D4F-47B4-8A52-35DA9A23DB83}.Debug|Any CPU.ActiveCfg = Debug|x86
		{0972BFD8-3D4F-47B4-8A52-35DA9A23DB83}.Debug|Mixed Platforms.ActiveCfg = Debug|Any CPU
		{0972BFD8-3D4F-47B4-8A52-35DA9A23DB83}.Debug|Mixed Platforms.Build.0 = Debug|Any CPU
		{0972BFD8-3D4F-47B4-8A52-35DA9A23DB83}.Debug|x86.ActiveCfg = Debug|x86
		{0972BFD8-3D4F-47B4-8A52-35DA9A23DB83}.Debug|x86.Build.0 = Debug|x86
		{0972BFD8-3D4F-47B4-8A52-35DA9A23DB83}.Release|Any CPU.ActiveCfg = Release|x86
		{0972BFD8-3D4F-47B4-8A52-35DA9A23DB83}.Release|Mixed Platforms.ActiveCfg = Release|x86
		{0972BFD8-3D4F-47B4-8A52-35DA9A23DB83}.Release|Mixed Platforms.Build.0 = Release|x86
		{0972BFD8-3D4F-47B4-8A52-35DA9A23DB83}.Release|x86.ActiveCfg = Release|x86
		{0972BFD8-3D4F-47B4-8A52-35DA9A23DB83}.Release|x86.Build.0 = Release|x86
		{2E9AC01B-5B39-46BE-8EBA-47EAC68A4F5E}.Debug|Any CPU.ActiveCfg = Debug|Any CPU
		{2E9AC01B-5B39-46BE-8EBA-47EAC68A4F5E}.Debug|Any CPU.Build.0 = Debug|Any CPU
		{2E9AC01B-5B39-46BE-8EBA-47EAC68A4F5E}.Debug|Mixed Platforms.ActiveCfg = Debug|Any CPU
		{2E9AC01B-5B39-46BE-8EBA-47EAC68A4F5E}.Debug|Mixed Platforms.Build.0 = Debug|Any CPU
		{2E9AC01B-5B39-46BE-8EBA-47EAC68A4F5E}.Debug|x86.ActiveCfg = Debug|Any CPU
		{2E9AC01B-5B39-46BE-8EBA-47EAC68A4F5E}.Release|Any CPU.ActiveCfg = Release|Any CPU
		{2E9AC01B-5B39-46BE-8EBA-47EAC68A4F5E}.Release|Any CPU.Build.0 = Release|Any CPU
		{2E9AC01B-5B39-46BE-8EBA-47EAC68A4F5E}.Release|Mixed Platforms.ActiveCfg = Release|Any CPU
		{2E9AC01B-5B39-46BE-8EBA-47EAC68A4F5E}.Release|Mixed Platforms.Build.0 = Release|Any CPU
		{2E9AC01B-5B39-46BE-8EBA-47EAC68A4F5E}.Release|x86.ActiveCfg = Release|Any CPU
		{C1129FE8-B7ED-4106-825A-7736F4AA4212}.Debug|Any CPU.ActiveCfg = Debug|Any CPU
		{C1129FE8-B7ED-4106-825A-7736F4AA4212}.Debug|Any CPU.Build.0 = Debug|Any CPU
		{C1129FE8-B7ED-4106-825A-7736F4AA4212}.Debug|Mixed Platforms.ActiveCfg = Debug|Any CPU
		{C1129FE8-B7ED-4106-825A-7736F4AA4212}.Debug|Mixed Platforms.Build.0 = Debug|Any CPU
		{C1129FE8-B7ED-4106-825A-7736F4AA4212}.Debug|x86.ActiveCfg = Debug|Any CPU
		{C1129FE8-B7ED-4106-825A-7736F4AA4212}.Debug|x86.Build.0 = Debug|Any CPU
		{C1129FE8-B7ED-4106-825A-7736F4AA4212}.Release|Any CPU.ActiveCfg = Release|Any CPU
		{C1129FE8-B7ED-4106-825A-7736F4AA4212}.Release|Any CPU.Build.0 = Release|Any CPU
		{C1129FE8-B7ED-4106-825A-7736F4AA4212}.Release|Mixed Platforms.ActiveCfg = Release|Any CPU
		{C1129FE8-B7ED-4106-825A-7736F4AA4212}.Release|Mixed Platforms.Build.0 = Release|Any CPU
		{C1129FE8-B7ED-4106-825A-7736F4AA4212}.Release|x86.ActiveCfg = Release|Any CPU
		{C1129FE8-B7ED-4106-825A-7736F4AA4212}.Release|x86.Build.0 = Release|Any CPU
		{A9657B46-5422-4879-BD99-B34B4F5E1140}.Debug|Any CPU.ActiveCfg = Debug|Any CPU
		{A9657B46-5422-4879-BD99-B34B4F5E1140}.Debug|Any CPU.Build.0 = Debug|Any CPU
		{A9657B46-5422-4879-BD99-B34B4F5E1140}.Debug|Any CPU.Deploy.0 = Debug|Any CPU
		{A9657B46-5422-4879-BD99-B34B4F5E1140}.Debug|Mixed Platforms.ActiveCfg = Debug|Any CPU
		{A9657B46-5422-4879-BD99-B34B4F5E1140}.Debug|Mixed Platforms.Build.0 = Debug|Any CPU
		{A9657B46-5422-4879-BD99-B34B4F5E1140}.Debug|Mixed Platforms.Deploy.0 = Debug|Any CPU
		{A9657B46-5422-4879-BD99-B34B4F5E1140}.Debug|x86.ActiveCfg = Debug|Any CPU
		{A9657B46-5422-4879-BD99-B34B4F5E1140}.Debug|x86.Build.0 = Debug|Any CPU
		{A9657B46-5422-4879-BD99-B34B4F5E1140}.Debug|x86.Deploy.0 = Debug|Any CPU
		{A9657B46-5422-4879-BD99-B34B4F5E1140}.Release|Any CPU.ActiveCfg = Release|Any CPU
		{A9657B46-5422-4879-BD99-B34B4F5E1140}.Release|Any CPU.Build.0 = Release|Any CPU
		{A9657B46-5422-4879-BD99-B34B4F5E1140}.Release|Any CPU.Deploy.0 = Release|Any CPU
		{A9657B46-5422-4879-BD99-B34B4F5E1140}.Release|Mixed Platforms.ActiveCfg = Release|Any CPU
		{A9657B46-5422-4879-BD99-B34B4F5E1140}.Release|Mixed Platforms.Build.0 = Release|Any CPU
		{A9657B46-5422-4879-BD99-B34B4F5E1140}.Release|Mixed Platforms.Deploy.0 = Release|Any CPU
		{A9657B46-5422-4879-BD99-B34B4F5E1140}.Release|x86.ActiveCfg = Release|Any CPU
		{A9657B46-5422-4879-BD99-B34B4F5E1140}.Release|x86.Build.0 = Release|Any CPU
		{A9657B46-5422-4879-BD99-B34B4F5E1140}.Release|x86.Deploy.0 = Release|Any CPU
		{070A128C-ABB5-4FFE-A4C5-C0A3D6903F19}.Debug|Any CPU.ActiveCfg = Debug|Any CPU
		{070A128C-ABB5-4FFE-A4C5-C0A3D6903F19}.Debug|Any CPU.Build.0 = Debug|Any CPU
		{070A128C-ABB5-4FFE-A4C5-C0A3D6903F19}.Debug|Mixed Platforms.ActiveCfg = Debug|Any CPU
		{070A128C-ABB5-4FFE-A4C5-C0A3D6903F19}.Debug|Mixed Platforms.Build.0 = Debug|Any CPU
		{070A128C-ABB5-4FFE-A4C5-C0A3D6903F19}.Debug|x86.ActiveCfg = Debug|Any CPU
		{070A128C-ABB5-4FFE-A4C5-C0A3D6903F19}.Debug|x86.Build.0 = Debug|Any CPU
		{070A128C-ABB5-4FFE-A4C5-C0A3D6903F19}.Release|Any CPU.ActiveCfg = Release|Any CPU
		{070A128C-ABB5-4FFE-A4C5-C0A3D6903F19}.Release|Any CPU.Build.0 = Release|Any CPU
		{070A128C-ABB5-4FFE-A4C5-C0A3D6903F19}.Release|Mixed Platforms.ActiveCfg = Release|Any CPU
		{070A128C-ABB5-4FFE-A4C5-C0A3D6903F19}.Release|Mixed Platforms.Build.0 = Release|Any CPU
		{070A128C-ABB5-4FFE-A4C5-C0A3D6903F19}.Release|x86.ActiveCfg = Release|Any CPU
		{070A128C-ABB5-4FFE-A4C5-C0A3D6903F19}.Release|x86.Build.0 = Release|Any CPU
		{FD81B7B3-3B2C-458B-ABDF-23E0919604C1}.Debug|Any CPU.ActiveCfg = Debug|Any CPU
		{FD81B7B3-3B2C-458B-ABDF-23E0919604C1}.Debug|Any CPU.Build.0 = Debug|Any CPU
		{FD81B7B3-3B2C-458B-ABDF-23E0919604C1}.Debug|Mixed Platforms.ActiveCfg = Debug|Any CPU
		{FD81B7B3-3B2C-458B-ABDF-23E0919604C1}.Debug|Mixed Platforms.Build.0 = Debug|Any CPU
		{FD81B7B3-3B2C-458B-ABDF-23E0919604C1}.Debug|x86.ActiveCfg = Debug|Any CPU
		{FD81B7B3-3B2C-458B-ABDF-23E0919604C1}.Debug|x86.Build.0 = Debug|Any CPU
		{FD81B7B3-3B2C-458B-ABDF-23E0919604C1}.Release|Any CPU.ActiveCfg = Release|Any CPU
		{FD81B7B3-3B2C-458B-ABDF-23E0919604C1}.Release|Any CPU.Build.0 = Release|Any CPU
		{FD81B7B3-3B2C-458B-ABDF-23E0919604C1}.Release|Mixed Platforms.ActiveCfg = Release|Any CPU
		{FD81B7B3-3B2C-458B-ABDF-23E0919604C1}.Release|Mixed Platforms.Build.0 = Release|Any CPU
		{FD81B7B3-3B2C-458B-ABDF-23E0919604C1}.Release|x86.ActiveCfg = Release|Any CPU
		{FD81B7B3-3B2C-458B-ABDF-23E0919604C1}.Release|x86.Build.0 = Release|Any CPU
		{DBEE8AD2-0E4C-4CF6-9C20-17D19011D93F}.Debug|Any CPU.ActiveCfg = Debug|Any CPU
		{DBEE8AD2-0E4C-4CF6-9C20-17D19011D93F}.Debug|Any CPU.Build.0 = Debug|Any CPU
		{DBEE8AD2-0E4C-4CF6-9C20-17D19011D93F}.Debug|Mixed Platforms.ActiveCfg = Debug|Any CPU
		{DBEE8AD2-0E4C-4CF6-9C20-17D19011D93F}.Debug|Mixed Platforms.Build.0 = Debug|Any CPU
		{DBEE8AD2-0E4C-4CF6-9C20-17D19011D93F}.Debug|x86.ActiveCfg = Debug|Any CPU
		{DBEE8AD2-0E4C-4CF6-9C20-17D19011D93F}.Debug|x86.Build.0 = Debug|Any CPU
		{DBEE8AD2-0E4C-4CF6-9C20-17D19011D93F}.Release|Any CPU.ActiveCfg = Release|Any CPU
		{DBEE8AD2-0E4C-4CF6-9C20-17D19011D93F}.Release|Any CPU.Build.0 = Release|Any CPU
		{DBEE8AD2-0E4C-4CF6-9C20-17D19011D93F}.Release|Mixed Platforms.ActiveCfg = Release|Any CPU
		{DBEE8AD2-0E4C-4CF6-9C20-17D19011D93F}.Release|Mixed Platforms.Build.0 = Release|Any CPU
		{DBEE8AD2-0E4C-4CF6-9C20-17D19011D93F}.Release|x86.ActiveCfg = Release|Any CPU
		{DBEE8AD2-0E4C-4CF6-9C20-17D19011D93F}.Release|x86.Build.0 = Release|Any CPU
		{8051467F-CDC1-4502-8F24-016349C58BE8}.Debug|Any CPU.ActiveCfg = Debug|Any CPU
		{8051467F-CDC1-4502-8F24-016349C58BE8}.Debug|Any CPU.Build.0 = Debug|Any CPU
		{8051467F-CDC1-4502-8F24-016349C58BE8}.Debug|Mixed Platforms.ActiveCfg = Debug|Any CPU
		{8051467F-CDC1-4502-8F24-016349C58BE8}.Debug|Mixed Platforms.Build.0 = Debug|Any CPU
		{8051467F-CDC1-4502-8F24-016349C58BE8}.Debug|x86.ActiveCfg = Debug|Any CPU
		{8051467F-CDC1-4502-8F24-016349C58BE8}.Debug|x86.Build.0 = Debug|Any CPU
		{8051467F-CDC1-4502-8F24-016349C58BE8}.Release|Any CPU.ActiveCfg = Release|Any CPU
		{8051467F-CDC1-4502-8F24-016349C58BE8}.Release|Any CPU.Build.0 = Release|Any CPU
		{8051467F-CDC1-4502-8F24-016349C58BE8}.Release|Mixed Platforms.ActiveCfg = Release|Any CPU
		{8051467F-CDC1-4502-8F24-016349C58BE8}.Release|Mixed Platforms.Build.0 = Release|Any CPU
		{8051467F-CDC1-4502-8F24-016349C58BE8}.Release|x86.ActiveCfg = Release|Any CPU
		{8051467F-CDC1-4502-8F24-016349C58BE8}.Release|x86.Build.0 = Release|Any CPU
		{09F6D1F5-29CB-4A1E-9177-2563CC8DA0AB}.Debug|Any CPU.ActiveCfg = Debug|Any CPU
		{09F6D1F5-29CB-4A1E-9177-2563CC8DA0AB}.Debug|Any CPU.Build.0 = Debug|Any CPU
		{09F6D1F5-29CB-4A1E-9177-2563CC8DA0AB}.Debug|Mixed Platforms.ActiveCfg = Debug|Any CPU
		{09F6D1F5-29CB-4A1E-9177-2563CC8DA0AB}.Debug|Mixed Platforms.Build.0 = Debug|Any CPU
		{09F6D1F5-29CB-4A1E-9177-2563CC8DA0AB}.Debug|x86.ActiveCfg = Debug|Any CPU
		{09F6D1F5-29CB-4A1E-9177-2563CC8DA0AB}.Debug|x86.Build.0 = Debug|Any CPU
		{09F6D1F5-29CB-4A1E-9177-2563CC8DA0AB}.Release|Any CPU.ActiveCfg = Release|Any CPU
		{09F6D1F5-29CB-4A1E-9177-2563CC8DA0AB}.Release|Any CPU.Build.0 = Release|Any CPU
		{09F6D1F5-29CB-4A1E-9177-2563CC8DA0AB}.Release|Mixed Platforms.ActiveCfg = Release|Any CPU
		{09F6D1F5-29CB-4A1E-9177-2563CC8DA0AB}.Release|Mixed Platforms.Build.0 = Release|Any CPU
		{09F6D1F5-29CB-4A1E-9177-2563CC8DA0AB}.Release|x86.ActiveCfg = Release|Any CPU
		{09F6D1F5-29CB-4A1E-9177-2563CC8DA0AB}.Release|x86.Build.0 = Release|Any CPU
		{E4247DC1-5FB1-4BC3-9919-6ABF733AA825}.Debug|Any CPU.ActiveCfg = Debug|Any CPU
		{E4247DC1-5FB1-4BC3-9919-6ABF733AA825}.Debug|Any CPU.Build.0 = Debug|Any CPU
		{E4247DC1-5FB1-4BC3-9919-6ABF733AA825}.Debug|Mixed Platforms.ActiveCfg = Debug|Any CPU
		{E4247DC1-5FB1-4BC3-9919-6ABF733AA825}.Debug|Mixed Platforms.Build.0 = Debug|Any CPU
		{E4247DC1-5FB1-4BC3-9919-6ABF733AA825}.Debug|x86.ActiveCfg = Debug|Any CPU
		{E4247DC1-5FB1-4BC3-9919-6ABF733AA825}.Debug|x86.Build.0 = Debug|Any CPU
		{E4247DC1-5FB1-4BC3-9919-6ABF733AA825}.Release|Any CPU.ActiveCfg = Release|Any CPU
		{E4247DC1-5FB1-4BC3-9919-6ABF733AA825}.Release|Any CPU.Build.0 = Release|Any CPU
		{E4247DC1-5FB1-4BC3-9919-6ABF733AA825}.Release|Mixed Platforms.ActiveCfg = Release|Any CPU
		{E4247DC1-5FB1-4BC3-9919-6ABF733AA825}.Release|Mixed Platforms.Build.0 = Release|Any CPU
		{E4247DC1-5FB1-4BC3-9919-6ABF733AA825}.Release|x86.ActiveCfg = Release|Any CPU
		{E4247DC1-5FB1-4BC3-9919-6ABF733AA825}.Release|x86.Build.0 = Release|Any CPU
		{4032020E-5FB4-4565-A5C6-3F3E9503FCA0}.Debug|Any CPU.ActiveCfg = Debug|Any CPU
		{4032020E-5FB4-4565-A5C6-3F3E9503FCA0}.Debug|Any CPU.Build.0 = Debug|Any CPU
		{4032020E-5FB4-4565-A5C6-3F3E9503FCA0}.Debug|Mixed Platforms.ActiveCfg = Debug|Any CPU
		{4032020E-5FB4-4565-A5C6-3F3E9503FCA0}.Debug|Mixed Platforms.Build.0 = Debug|Any CPU
		{4032020E-5FB4-4565-A5C6-3F3E9503FCA0}.Debug|x86.ActiveCfg = Debug|Any CPU
		{4032020E-5FB4-4565-A5C6-3F3E9503FCA0}.Debug|x86.Build.0 = Debug|Any CPU
		{4032020E-5FB4-4565-A5C6-3F3E9503FCA0}.Release|Any CPU.ActiveCfg = Release|Any CPU
		{4032020E-5FB4-4565-A5C6-3F3E9503FCA0}.Release|Any CPU.Build.0 = Release|Any CPU
		{4032020E-5FB4-4565-A5C6-3F3E9503FCA0}.Release|Mixed Platforms.ActiveCfg = Release|Any CPU
		{4032020E-5FB4-4565-A5C6-3F3E9503FCA0}.Release|Mixed Platforms.Build.0 = Release|Any CPU
		{4032020E-5FB4-4565-A5C6-3F3E9503FCA0}.Release|x86.ActiveCfg = Release|Any CPU
		{4032020E-5FB4-4565-A5C6-3F3E9503FCA0}.Release|x86.Build.0 = Release|Any CPU
		{DA9A6FC6-AE67-4E38-AEC5-52A0BA5BE0AB}.Debug|Any CPU.ActiveCfg = Debug|Any CPU
		{DA9A6FC6-AE67-4E38-AEC5-52A0BA5BE0AB}.Debug|Any CPU.Build.0 = Debug|Any CPU
		{DA9A6FC6-AE67-4E38-AEC5-52A0BA5BE0AB}.Debug|Mixed Platforms.ActiveCfg = Debug|Any CPU
		{DA9A6FC6-AE67-4E38-AEC5-52A0BA5BE0AB}.Debug|Mixed Platforms.Build.0 = Debug|Any CPU
		{DA9A6FC6-AE67-4E38-AEC5-52A0BA5BE0AB}.Debug|x86.ActiveCfg = Debug|Any CPU
		{DA9A6FC6-AE67-4E38-AEC5-52A0BA5BE0AB}.Debug|x86.Build.0 = Debug|Any CPU
		{DA9A6FC6-AE67-4E38-AEC5-52A0BA5BE0AB}.Release|Any CPU.ActiveCfg = Release|Any CPU
		{DA9A6FC6-AE67-4E38-AEC5-52A0BA5BE0AB}.Release|Any CPU.Build.0 = Release|Any CPU
		{DA9A6FC6-AE67-4E38-AEC5-52A0BA5BE0AB}.Release|Mixed Platforms.ActiveCfg = Release|Any CPU
		{DA9A6FC6-AE67-4E38-AEC5-52A0BA5BE0AB}.Release|Mixed Platforms.Build.0 = Release|Any CPU
		{DA9A6FC6-AE67-4E38-AEC5-52A0BA5BE0AB}.Release|x86.ActiveCfg = Release|Any CPU
		{DA9A6FC6-AE67-4E38-AEC5-52A0BA5BE0AB}.Release|x86.Build.0 = Release|Any CPU
		{82AD3D9D-23E2-42AC-85D3-6079CB18997E}.Debug|Any CPU.ActiveCfg = Debug|Any CPU
		{82AD3D9D-23E2-42AC-85D3-6079CB18997E}.Debug|Any CPU.Build.0 = Debug|Any CPU
		{82AD3D9D-23E2-42AC-85D3-6079CB18997E}.Debug|Mixed Platforms.ActiveCfg = Debug|Any CPU
		{82AD3D9D-23E2-42AC-85D3-6079CB18997E}.Debug|Mixed Platforms.Build.0 = Debug|Any CPU
		{82AD3D9D-23E2-42AC-85D3-6079CB18997E}.Debug|x86.ActiveCfg = Debug|Any CPU
		{82AD3D9D-23E2-42AC-85D3-6079CB18997E}.Debug|x86.Build.0 = Debug|Any CPU
		{82AD3D9D-23E2-42AC-85D3-6079CB18997E}.Release|Any CPU.ActiveCfg = Release|Any CPU
		{82AD3D9D-23E2-42AC-85D3-6079CB18997E}.Release|Any CPU.Build.0 = Release|Any CPU
		{82AD3D9D-23E2-42AC-85D3-6079CB18997E}.Release|Mixed Platforms.ActiveCfg = Release|Any CPU
		{82AD3D9D-23E2-42AC-85D3-6079CB18997E}.Release|Mixed Platforms.Build.0 = Release|Any CPU
		{82AD3D9D-23E2-42AC-85D3-6079CB18997E}.Release|x86.ActiveCfg = Release|Any CPU
		{82AD3D9D-23E2-42AC-85D3-6079CB18997E}.Release|x86.Build.0 = Release|Any CPU
		{C5296B84-27C9-41E1-B78A-3E82CCEC5D70}.Debug|Any CPU.ActiveCfg = Debug|Any CPU
		{C5296B84-27C9-41E1-B78A-3E82CCEC5D70}.Debug|Any CPU.Build.0 = Debug|Any CPU
		{C5296B84-27C9-41E1-B78A-3E82CCEC5D70}.Debug|Mixed Platforms.ActiveCfg = Debug|Any CPU
		{C5296B84-27C9-41E1-B78A-3E82CCEC5D70}.Debug|Mixed Platforms.Build.0 = Debug|Any CPU
		{C5296B84-27C9-41E1-B78A-3E82CCEC5D70}.Debug|x86.ActiveCfg = Debug|Any CPU
		{C5296B84-27C9-41E1-B78A-3E82CCEC5D70}.Debug|x86.Build.0 = Debug|Any CPU
		{C5296B84-27C9-41E1-B78A-3E82CCEC5D70}.Release|Any CPU.ActiveCfg = Release|Any CPU
		{C5296B84-27C9-41E1-B78A-3E82CCEC5D70}.Release|Any CPU.Build.0 = Release|Any CPU
		{C5296B84-27C9-41E1-B78A-3E82CCEC5D70}.Release|Mixed Platforms.ActiveCfg = Release|Any CPU
		{C5296B84-27C9-41E1-B78A-3E82CCEC5D70}.Release|Mixed Platforms.Build.0 = Release|Any CPU
		{C5296B84-27C9-41E1-B78A-3E82CCEC5D70}.Release|x86.ActiveCfg = Release|Any CPU
		{C5296B84-27C9-41E1-B78A-3E82CCEC5D70}.Release|x86.Build.0 = Release|Any CPU
		{820BBFFA-5963-4A6B-83D6-020D25A148C6}.Debug|Any CPU.ActiveCfg = Debug|Any CPU
		{820BBFFA-5963-4A6B-83D6-020D25A148C6}.Debug|Any CPU.Build.0 = Debug|Any CPU
		{820BBFFA-5963-4A6B-83D6-020D25A148C6}.Debug|Mixed Platforms.ActiveCfg = Debug|Any CPU
		{820BBFFA-5963-4A6B-83D6-020D25A148C6}.Debug|Mixed Platforms.Build.0 = Debug|Any CPU
		{820BBFFA-5963-4A6B-83D6-020D25A148C6}.Debug|x86.ActiveCfg = Debug|Any CPU
		{820BBFFA-5963-4A6B-83D6-020D25A148C6}.Debug|x86.Build.0 = Debug|Any CPU
		{820BBFFA-5963-4A6B-83D6-020D25A148C6}.Release|Any CPU.ActiveCfg = Release|Any CPU
		{820BBFFA-5963-4A6B-83D6-020D25A148C6}.Release|Any CPU.Build.0 = Release|Any CPU
		{820BBFFA-5963-4A6B-83D6-020D25A148C6}.Release|Mixed Platforms.ActiveCfg = Release|Any CPU
		{820BBFFA-5963-4A6B-83D6-020D25A148C6}.Release|Mixed Platforms.Build.0 = Release|Any CPU
		{820BBFFA-5963-4A6B-83D6-020D25A148C6}.Release|x86.ActiveCfg = Release|Any CPU
		{820BBFFA-5963-4A6B-83D6-020D25A148C6}.Release|x86.Build.0 = Release|Any CPU
		{4DE70822-5F55-401C-A03A-54CB7F186179}.Debug|Any CPU.ActiveCfg = Debug|Any CPU
		{4DE70822-5F55-401C-A03A-54CB7F186179}.Debug|Any CPU.Build.0 = Debug|Any CPU
		{4DE70822-5F55-401C-A03A-54CB7F186179}.Debug|Mixed Platforms.ActiveCfg = Debug|Any CPU
		{4DE70822-5F55-401C-A03A-54CB7F186179}.Debug|Mixed Platforms.Build.0 = Debug|Any CPU
		{4DE70822-5F55-401C-A03A-54CB7F186179}.Debug|x86.ActiveCfg = Debug|Any CPU
		{4DE70822-5F55-401C-A03A-54CB7F186179}.Debug|x86.Build.0 = Debug|Any CPU
		{4DE70822-5F55-401C-A03A-54CB7F186179}.Release|Any CPU.ActiveCfg = Release|Any CPU
		{4DE70822-5F55-401C-A03A-54CB7F186179}.Release|Any CPU.Build.0 = Release|Any CPU
		{4DE70822-5F55-401C-A03A-54CB7F186179}.Release|Mixed Platforms.ActiveCfg = Release|Any CPU
		{4DE70822-5F55-401C-A03A-54CB7F186179}.Release|Mixed Platforms.Build.0 = Release|Any CPU
		{4DE70822-5F55-401C-A03A-54CB7F186179}.Release|x86.ActiveCfg = Release|Any CPU
		{4DE70822-5F55-401C-A03A-54CB7F186179}.Release|x86.Build.0 = Release|Any CPU
		{ED6A3FD2-5B07-403D-8043-2C93A0D97E6F}.Debug|Any CPU.ActiveCfg = Debug|Any CPU
		{ED6A3FD2-5B07-403D-8043-2C93A0D97E6F}.Debug|Any CPU.Build.0 = Debug|Any CPU
		{ED6A3FD2-5B07-403D-8043-2C93A0D97E6F}.Debug|Mixed Platforms.ActiveCfg = Debug|Any CPU
		{ED6A3FD2-5B07-403D-8043-2C93A0D97E6F}.Debug|Mixed Platforms.Build.0 = Debug|Any CPU
		{ED6A3FD2-5B07-403D-8043-2C93A0D97E6F}.Debug|x86.ActiveCfg = Debug|Any CPU
		{ED6A3FD2-5B07-403D-8043-2C93A0D97E6F}.Debug|x86.Build.0 = Debug|Any CPU
		{ED6A3FD2-5B07-403D-8043-2C93A0D97E6F}.Release|Any CPU.ActiveCfg = Release|Any CPU
		{ED6A3FD2-5B07-403D-8043-2C93A0D97E6F}.Release|Any CPU.Build.0 = Release|Any CPU
		{ED6A3FD2-5B07-403D-8043-2C93A0D97E6F}.Release|Mixed Platforms.ActiveCfg = Release|Any CPU
		{ED6A3FD2-5B07-403D-8043-2C93A0D97E6F}.Release|Mixed Platforms.Build.0 = Release|Any CPU
		{ED6A3FD2-5B07-403D-8043-2C93A0D97E6F}.Release|x86.ActiveCfg = Release|Any CPU
		{ED6A3FD2-5B07-403D-8043-2C93A0D97E6F}.Release|x86.Build.0 = Release|Any CPU
		{32EDCE9B-1B94-41E3-A56D-4341BE6101AB}.Debug|Any CPU.ActiveCfg = Debug|Any CPU
		{32EDCE9B-1B94-41E3-A56D-4341BE6101AB}.Debug|Any CPU.Build.0 = Debug|Any CPU
		{32EDCE9B-1B94-41E3-A56D-4341BE6101AB}.Debug|Mixed Platforms.ActiveCfg = Debug|Any CPU
		{32EDCE9B-1B94-41E3-A56D-4341BE6101AB}.Debug|Mixed Platforms.Build.0 = Debug|Any CPU
		{32EDCE9B-1B94-41E3-A56D-4341BE6101AB}.Debug|x86.ActiveCfg = Debug|Any CPU
		{32EDCE9B-1B94-41E3-A56D-4341BE6101AB}.Debug|x86.Build.0 = Debug|Any CPU
		{32EDCE9B-1B94-41E3-A56D-4341BE6101AB}.Release|Any CPU.ActiveCfg = Release|Any CPU
		{32EDCE9B-1B94-41E3-A56D-4341BE6101AB}.Release|Any CPU.Build.0 = Release|Any CPU
		{32EDCE9B-1B94-41E3-A56D-4341BE6101AB}.Release|Mixed Platforms.ActiveCfg = Release|Any CPU
		{32EDCE9B-1B94-41E3-A56D-4341BE6101AB}.Release|Mixed Platforms.Build.0 = Release|Any CPU
		{32EDCE9B-1B94-41E3-A56D-4341BE6101AB}.Release|x86.ActiveCfg = Release|Any CPU
		{32EDCE9B-1B94-41E3-A56D-4341BE6101AB}.Release|x86.Build.0 = Release|Any CPU
	EndGlobalSection
	GlobalSection(SolutionProperties) = preSolution
		HideSolutionNode = FALSE
	EndGlobalSection
	GlobalSection(NestedProjects) = preSolution
		{4890E853-1C31-4230-8FA1-5D451C115875} = {A047AB7E-F29B-49EC-AF2B-6162CEE3435F}
		{0177E9AC-5098-42BC-9AC1-9B8862FB3E3C} = {A047AB7E-F29B-49EC-AF2B-6162CEE3435F}
		{631B2A44-0C13-4DE5-BE00-1C05D1A1AC54} = {37ADF21D-D4B3-41B3-8767-D7D41F69CDC1}
		{68DA2208-ACDD-48FE-9D8A-F76B010664C4} = {23087B73-2B0A-465C-B96E-985AD30019CA}
		{7BF4C432-5804-469C-A3B6-585A2664A820} = {8410327A-D3E5-4278-875C-8E03EA105F47}
		{0AC1F756-B4CC-4386-B6A3-C58F555E953B} = {37ADF21D-D4B3-41B3-8767-D7D41F69CDC1}
		{65F28583-CF30-4765-A871-E97D2AE7F9B9} = {37ADF21D-D4B3-41B3-8767-D7D41F69CDC1}
		{4D7B3E4B-E965-4F31-A2DD-49B2B39BADFD} = {37ADF21D-D4B3-41B3-8767-D7D41F69CDC1}
		{527A7562-621E-47CD-92CB-E0FA26660A4E} = {A047AB7E-F29B-49EC-AF2B-6162CEE3435F}
		{47ACFDCD-BB7F-4069-9B3E-DA0263312BDC} = {A047AB7E-F29B-49EC-AF2B-6162CEE3435F}
		{1F3EE1E7-4718-4410-A396-6C7B0E5A95C5} = {8410327A-D3E5-4278-875C-8E03EA105F47}
		{E44DC4DC-CE32-4CE7-9CB6-ADDEDFDF1B23} = {8410327A-D3E5-4278-875C-8E03EA105F47}
		{5FCD8306-0B6B-4224-92AD-8589700B4BFB} = {8410327A-D3E5-4278-875C-8E03EA105F47}
		{22F8AFE0-0CBB-4543-A703-2C29A1E2105A} = {23087B73-2B0A-465C-B96E-985AD30019CA}
		{0BD063C2-563C-489E-A3A2-337881A8CBAB} = {23087B73-2B0A-465C-B96E-985AD30019CA}
		{99F59DB1-92D2-49BB-9FCD-46D7880F089E} = {23087B73-2B0A-465C-B96E-985AD30019CA}
		{B7341E95-F839-42F7-98B4-11C4B0EDDCC4} = {63474B84-13B8-4162-B24C-7F5341D82C4F}
		{BFF36845-756B-4D9B-A575-DEBC4099774B} = {63474B84-13B8-4162-B24C-7F5341D82C4F}
		{CC14D8A4-4238-4076-B1D2-439B7CD3C4E0} = {63474B84-13B8-4162-B24C-7F5341D82C4F}
		{E952E4EE-DD08-4187-AD89-0F56C4CF8D7D} = {63474B84-13B8-4162-B24C-7F5341D82C4F}
		{C84596E4-F762-4035-9B76-344A613B8E57} = {A2726D4C-8C8E-4656-8CB4-D2A5A4C2F990}
		{0CB3F45D-11BB-45C1-8031-BB960C5C5B0D} = {A2726D4C-8C8E-4656-8CB4-D2A5A4C2F990}
		{DDC95591-2286-4A85-BD76-C3499101BA98} = {A2726D4C-8C8E-4656-8CB4-D2A5A4C2F990}
		{5F70B63F-3198-43EB-B452-0B42CF40EDD1} = {A2726D4C-8C8E-4656-8CB4-D2A5A4C2F990}
		{828330C8-8090-4361-865B-34988482F3D3} = {B91FE4E8-3E13-432E-9410-429B8452110C}
		{D5237D53-9467-4B1E-92D7-B91C8358402C} = {B91FE4E8-3E13-432E-9410-429B8452110C}
		{D2EAD138-C647-4F68-9474-11877BC5C215} = {B91FE4E8-3E13-432E-9410-429B8452110C}
		{0958FEAD-16B9-4BB9-9C1E-DA33749F7685} = {B91FE4E8-3E13-432E-9410-429B8452110C}
		{82E5CDD0-5A70-4637-9BF2-AE7DED57B8C7} = {8F82A9EC-ECF7-4A33-93FB-0A431C917586}
		{D02689C5-5D70-4D74-8975-D5F2E2E9186B} = {8F82A9EC-ECF7-4A33-93FB-0A431C917586}
		{BA5911DE-A7E3-467B-8857-1528A134CE42} = {8F82A9EC-ECF7-4A33-93FB-0A431C917586}
		{18CC76CE-0043-41A5-B278-C388A6927631} = {8F82A9EC-ECF7-4A33-93FB-0A431C917586}
		{0972BFD8-3D4F-47B4-8A52-35DA9A23DB83} = {080432EF-1670-438E-BD90-2BBF7F286C94}
		{2E9AC01B-5B39-46BE-8EBA-47EAC68A4F5E} = {080432EF-1670-438E-BD90-2BBF7F286C94}
		{DBEE8AD2-0E4C-4CF6-9C20-17D19011D93F} = {59430735-8212-4C53-B97B-F65581ECCECE}
		{8051467F-CDC1-4502-8F24-016349C58BE8} = {59430735-8212-4C53-B97B-F65581ECCECE}
		{09F6D1F5-29CB-4A1E-9177-2563CC8DA0AB} = {59430735-8212-4C53-B97B-F65581ECCECE}
		{E4247DC1-5FB1-4BC3-9919-6ABF733AA825} = {59430735-8212-4C53-B97B-F65581ECCECE}
		{4032020E-5FB4-4565-A5C6-3F3E9503FCA0} = {59430735-8212-4C53-B97B-F65581ECCECE}
		{DA9A6FC6-AE67-4E38-AEC5-52A0BA5BE0AB} = {D654D03F-9939-45E9-9AAC-B4FE5FF181D8}
		{82AD3D9D-23E2-42AC-85D3-6079CB18997E} = {D654D03F-9939-45E9-9AAC-B4FE5FF181D8}
		{C5296B84-27C9-41E1-B78A-3E82CCEC5D70} = {069A766B-787B-4BD5-A458-D2EA8078B680}
		{820BBFFA-5963-4A6B-83D6-020D25A148C6} = {069A766B-787B-4BD5-A458-D2EA8078B680}
		{4DE70822-5F55-401C-A03A-54CB7F186179} = {BD2813F9-EBA5-486B-BB42-E033E07645BB}
		{ED6A3FD2-5B07-403D-8043-2C93A0D97E6F} = {BD2813F9-EBA5-486B-BB42-E033E07645BB}
		{32EDCE9B-1B94-41E3-A56D-4341BE6101AB} = {BD2813F9-EBA5-486B-BB42-E033E07645BB}
	EndGlobalSection
	GlobalSection(SourceCodeControl) = preSolution
		SccNumberOfProjects = 52
		SccLocalPath0 = .
		SccProjectUniqueName1 = SECOM_AJIS.BatchService\\SECOM_AJIS.BatchService.csproj
		SccProjectTopLevelParentUniqueName1 = SECOM_AJIS.sln
		SccLocalPath1 = .
		SccProjectFilePathRelativizedFromConnection1 = SECOM_AJIS.BatchService\\
		SccProjectUniqueName2 = SECOM_AJIS.BatchServiceTest\\SECOM_AJIS.BatchServiceTest\\SECOM_AJIS.BatchServiceTest.csproj
		SccProjectTopLevelParentUniqueName2 = SECOM_AJIS.sln
		SccLocalPath2 = .
		SccProjectFilePathRelativizedFromConnection2 = SECOM_AJIS.BatchServiceTest\\SECOM_AJIS.BatchServiceTest\\
		SccProjectUniqueName3 = SECOM_AJIS.BusinessEntity.Common\\SECOM_AJIS.BusinessEntity.Common.csproj
		SccLocalPath3 = .
		SccProjectFilePathRelativizedFromConnection3 = SECOM_AJIS.BusinessEntity.Common\\
		SccProjectUniqueName4 = SECOM_AJIS.BusinessEntity.Master\\SECOM_AJIS.BusinessEntity.Master.csproj
		SccLocalPath4 = .
		SccProjectFilePathRelativizedFromConnection4 = SECOM_AJIS.BusinessEntity.Master\\
		SccProjectUniqueName5 = SECOM_AJIS.Common\\SECOM_AJIS.Common.csproj
		SccLocalPath5 = .
		SccProjectFilePathRelativizedFromConnection5 = SECOM_AJIS.Common\\
		SccProjectUniqueName6 = SECOM_AJIS.DataEntity.Accounting\\SECOM_AJIS.DataEntity.Accounting.csproj
		SccProjectTopLevelParentUniqueName6 = SECOM_AJIS.sln
		SccLocalPath6 = .
		SccProjectFilePathRelativizedFromConnection6 = SECOM_AJIS.DataEntity.Accounting\\
		SccProjectUniqueName7 = SECOM_AJIS.DataEntity.Billing\\SECOM_AJIS.DataEntity.Billing.csproj
		SccProjectTopLevelParentUniqueName7 = SECOM_AJIS.sln
		SccLocalPath7 = .
		SccProjectFilePathRelativizedFromConnection7 = SECOM_AJIS.DataEntity.Billing\\
		SccProjectUniqueName8 = SECOM_AJIS.DataEntity.Common\\SECOM_AJIS.DataEntity.Common.csproj
		SccProjectTopLevelParentUniqueName8 = SECOM_AJIS.sln
		SccLocalPath8 = .
		SccProjectFilePathRelativizedFromConnection8 = SECOM_AJIS.DataEntity.Common\\
		SccProjectUniqueName9 = SECOM_AJIS.DataEntity.Contract\\SECOM_AJIS.DataEntity.Contract.csproj
		SccProjectTopLevelParentUniqueName9 = SECOM_AJIS.sln
		SccLocalPath9 = .
		SccProjectFilePathRelativizedFromConnection9 = SECOM_AJIS.DataEntity.Contract\\
		SccProjectUniqueName10 = SECOM_AJIS.DataEntity.ExchangeRate\\SECOM_AJIS.DataEntity.ExchangeRate.csproj
		SccProjectTopLevelParentUniqueName10 = SECOM_AJIS.sln
		SccLocalPath10 = .
		SccProjectFilePathRelativizedFromConnection10 = SECOM_AJIS.DataEntity.ExchangeRate\\
		SccProjectUniqueName11 = SECOM_AJIS.DataEntity.Income\\SECOM_AJIS.DataEntity.Income.csproj
		SccProjectTopLevelParentUniqueName11 = SECOM_AJIS.sln
		SccLocalPath11 = .
		SccProjectFilePathRelativizedFromConnection11 = SECOM_AJIS.DataEntity.Income\\
		SccProjectUniqueName12 = SECOM_AJIS.DataEntity.Installation\\SECOM_AJIS.DataEntity.Installation.csproj
		SccProjectTopLevelParentUniqueName12 = SECOM_AJIS.sln
		SccLocalPath12 = .
		SccProjectFilePathRelativizedFromConnection12 = SECOM_AJIS.DataEntity.Installation\\
		SccProjectUniqueName13 = SECOM_AJIS.DataEntity.Inventory\\SECOM_AJIS.DataEntity.Inventory.csproj
		SccProjectTopLevelParentUniqueName13 = SECOM_AJIS.sln
		SccLocalPath13 = .
		SccProjectFilePathRelativizedFromConnection13 = SECOM_AJIS.DataEntity.Inventory\\
		SccProjectUniqueName14 = SECOM_AJIS.DataEntity.Master\\SECOM_AJIS.DataEntity.Master.csproj
		SccProjectTopLevelParentUniqueName14 = SECOM_AJIS.sln
		SccLocalPath14 = .
		SccProjectFilePathRelativizedFromConnection14 = SECOM_AJIS.DataEntity.Master\\
		SccProjectUniqueName15 = SECOM_AJIS.DataEntity.Quotation\\SECOM_AJIS.DataEntity.Quotation.csproj
		SccProjectTopLevelParentUniqueName15 = SECOM_AJIS.sln
		SccLocalPath15 = .
		SccProjectFilePathRelativizedFromConnection15 = SECOM_AJIS.DataEntity.Quotation\\
		SccProjectUniqueName16 = SECOM_AJIS.Entity.Accounting\\SECOM_AJIS.Entity.Accounting.csproj
		SccProjectTopLevelParentUniqueName16 = SECOM_AJIS.sln
		SccLocalPath16 = .
		SccProjectFilePathRelativizedFromConnection16 = SECOM_AJIS.Entity.Accounting\\
		SccProjectUniqueName17 = SECOM_AJIS.Entity.Billing\\SECOM_AJIS.Entity.Billing.csproj
		SccProjectTopLevelParentUniqueName17 = SECOM_AJIS.sln
		SccLocalPath17 = .
		SccProjectFilePathRelativizedFromConnection17 = SECOM_AJIS.Entity.Billing\\
		SccProjectUniqueName18 = SECOM_AJIS.Entity.Common\\SECOM_AJIS.Entity.Common.csproj
		SccProjectTopLevelParentUniqueName18 = SECOM_AJIS.sln
		SccLocalPath18 = .
		SccProjectFilePathRelativizedFromConnection18 = SECOM_AJIS.Entity.Common\\
		SccProjectUniqueName19 = SECOM_AJIS.Entity.Contract\\SECOM_AJIS.Entity.Contract.csproj
		SccProjectTopLevelParentUniqueName19 = SECOM_AJIS.sln
		SccLocalPath19 = .
		SccProjectFilePathRelativizedFromConnection19 = SECOM_AJIS.Entity.Contract\\
		SccProjectUniqueName20 = SECOM_AJIS.Entity.ExchangeRate\\SECOM_AJIS.Entity.ExchangeRate.csproj
		SccProjectTopLevelParentUniqueName20 = SECOM_AJIS.sln
		SccLocalPath20 = .
		SccProjectFilePathRelativizedFromConnection20 = SECOM_AJIS.Entity.ExchangeRate\\
		SccProjectUniqueName21 = SECOM_AJIS.Entity.Income\\SECOM_AJIS.Entity.Income.csproj
		SccProjectTopLevelParentUniqueName21 = SECOM_AJIS.sln
		SccLocalPath21 = .
		SccProjectFilePathRelativizedFromConnection21 = SECOM_AJIS.Entity.Income\\
		SccProjectUniqueName22 = SECOM_AJIS.Entity.Installation\\SECOM_AJIS.Entity.Installation.csproj
		SccProjectTopLevelParentUniqueName22 = SECOM_AJIS.sln
		SccLocalPath22 = .
		SccProjectFilePathRelativizedFromConnection22 = SECOM_AJIS.Entity.Installation\\
		SccProjectUniqueName23 = SECOM_AJIS.Entity.Inventory\\SECOM_AJIS.Entity.Inventory.csproj
		SccProjectTopLevelParentUniqueName23 = SECOM_AJIS.sln
		SccLocalPath23 = .
		SccProjectFilePathRelativizedFromConnection23 = SECOM_AJIS.Entity.Inventory\\
		SccProjectUniqueName24 = SECOM_AJIS.Entity.Master\\SECOM_AJIS.Entity.Master.csproj
		SccProjectTopLevelParentUniqueName24 = SECOM_AJIS.sln
		SccLocalPath24 = .
		SccProjectFilePathRelativizedFromConnection24 = SECOM_AJIS.Entity.Master\\
		SccProjectUniqueName25 = SECOM_AJIS.Entity.Quotation\\SECOM_AJIS.Entity.Quotation.csproj
		SccProjectTopLevelParentUniqueName25 = SECOM_AJIS.sln
		SccLocalPath25 = .
		SccProjectFilePathRelativizedFromConnection25 = SECOM_AJIS.Entity.Quotation\\
		SccProjectUniqueName26 = SECOM_AJIS.Interface.Billing\\SECOM_AJIS.Interface.Billing.csproj
		SccProjectTopLevelParentUniqueName26 = SECOM_AJIS.sln
		SccLocalPath26 = .
		SccProjectFilePathRelativizedFromConnection26 = SECOM_AJIS.Interface.Billing\\
		SccProjectUniqueName27 = SECOM_AJIS.Interface.Common\\SECOM_AJIS.Interface.Common.csproj
		SccProjectTopLevelParentUniqueName27 = SECOM_AJIS.sln
		SccLocalPath27 = .
		SccProjectFilePathRelativizedFromConnection27 = SECOM_AJIS.Interface.Common\\
		SccProjectUniqueName28 = SECOM_AJIS.Interface.Contract\\SECOM_AJIS.Interface.Contract.csproj
		SccProjectTopLevelParentUniqueName28 = SECOM_AJIS.sln
		SccLocalPath28 = .
		SccProjectFilePathRelativizedFromConnection28 = SECOM_AJIS.Interface.Contract\\
		SccProjectUniqueName29 = SECOM_AJIS.Interface.ExchangeRate\\SECOM_AJIS.Interface.ExchangeRate.csproj
		SccProjectTopLevelParentUniqueName29 = SECOM_AJIS.sln
		SccLocalPath29 = .
		SccProjectFilePathRelativizedFromConnection29 = SECOM_AJIS.Interface.ExchangeRate\\
		SccProjectUniqueName30 = SECOM_AJIS.Interface.Income\\SECOM_AJIS.Interface.Income.csproj
		SccProjectTopLevelParentUniqueName30 = SECOM_AJIS.sln
		SccLocalPath30 = .
		SccProjectFilePathRelativizedFromConnection30 = SECOM_AJIS.Interface.Income\\
		SccProjectUniqueName31 = SECOM_AJIS.Interface.Installation\\SECOM_AJIS.Interface.Installation.csproj
		SccProjectTopLevelParentUniqueName31 = SECOM_AJIS.sln
		SccLocalPath31 = .
		SccProjectFilePathRelativizedFromConnection31 = SECOM_AJIS.Interface.Installation\\
		SccProjectUniqueName32 = SECOM_AJIS.Interface.Inventory\\SECOM_AJIS.Interface.Inventory.csproj
		SccProjectTopLevelParentUniqueName32 = SECOM_AJIS.sln
		SccLocalPath32 = .
		SccProjectFilePathRelativizedFromConnection32 = SECOM_AJIS.Interface.Inventory\\
		SccProjectUniqueName33 = SECOM_AJIS.Interface.Master\\SECOM_AJIS.Interface.Master.csproj
		SccProjectTopLevelParentUniqueName33 = SECOM_AJIS.sln
		SccLocalPath33 = .
		SccProjectFilePathRelativizedFromConnection33 = SECOM_AJIS.Interface.Master\\
		SccProjectUniqueName34 = SECOM_AJIS.Interface.Quotation\\SECOM_AJIS.Interface.Quotation.csproj
		SccProjectTopLevelParentUniqueName34 = SECOM_AJIS.sln
		SccLocalPath34 = .
		SccProjectFilePathRelativizedFromConnection34 = SECOM_AJIS.Interface.Quotation\\
		SccProjectUniqueName35 = SECOM_AJIS.JobScheduler.Injectors\\SECOM_AJIS.JobScheduler.Injectors.csproj
		SccProjectTopLevelParentUniqueName35 = SECOM_AJIS.sln
		SccLocalPath35 = .
		SccProjectFilePathRelativizedFromConnection35 = SECOM_AJIS.JobScheduler.Injectors\\
		SccProjectUniqueName36 = SECOM_AJIS.JobScheduler\\SECOM_AJIS.JobScheduler.csproj
		SccProjectTopLevelParentUniqueName36 = SECOM_AJIS.sln
		SccLocalPath36 = .
		SccProjectFilePathRelativizedFromConnection36 = SECOM_AJIS.JobScheduler\\
		SccProjectUniqueName37 = SECOM_AJIS.Presentation.Accounting\\SECOM_AJIS.Presentation.Accounting.csproj
		SccProjectTopLevelParentUniqueName37 = SECOM_AJIS.sln
		SccLocalPath37 = .
		SccProjectFilePathRelativizedFromConnection37 = SECOM_AJIS.Presentation.Accounting\\
		SccProjectUniqueName38 = SECOM_AJIS.Presentation.Billing\\SECOM_AJIS.Presentation.Billing.csproj
		SccProjectTopLevelParentUniqueName38 = SECOM_AJIS.sln
		SccLocalPath38 = .
		SccProjectFilePathRelativizedFromConnection38 = SECOM_AJIS.Presentation.Billing\\
		SccProjectUniqueName39 = SECOM_AJIS.Presentation.Common\\SECOM_AJIS.Presentation.Common.csproj
		SccProjectTopLevelParentUniqueName39 = SECOM_AJIS.sln
		SccLocalPath39 = .
		SccProjectFilePathRelativizedFromConnection39 = SECOM_AJIS.Presentation.Common\\
		SccProjectUniqueName40 = SECOM_AJIS.Presentation.Contract\\SECOM_AJIS.Presentation.Contract.csproj
		SccProjectTopLevelParentUniqueName40 = SECOM_AJIS.sln
		SccLocalPath40 = .
		SccProjectFilePathRelativizedFromConnection40 = SECOM_AJIS.Presentation.Contract\\
		SccProjectUniqueName41 = SECOM_AJIS.Presentation.ExchangeRate\\SECOM_AJIS.Presentation.ExchangeRate.csproj
		SccProjectTopLevelParentUniqueName41 = SECOM_AJIS.sln
		SccLocalPath41 = .
		SccProjectFilePathRelativizedFromConnection41 = SECOM_AJIS.Presentation.ExchangeRate\\
		SccProjectUniqueName42 = SECOM_AJIS.Presentation.Income\\SECOM_AJIS.Presentation.Income.csproj
		SccProjectTopLevelParentUniqueName42 = SECOM_AJIS.sln
		SccLocalPath42 = .
		SccProjectFilePathRelativizedFromConnection42 = SECOM_AJIS.Presentation.Income\\
		SccProjectUniqueName43 = SECOM_AJIS.Presentation.Installation\\SECOM_AJIS.Presentation.Installation.csproj
		SccProjectTopLevelParentUniqueName43 = SECOM_AJIS.sln
		SccLocalPath43 = .
		SccProjectFilePathRelativizedFromConnection43 = SECOM_AJIS.Presentation.Installation\\
		SccProjectUniqueName44 = SECOM_AJIS.Presentation.Inventory\\SECOM_AJIS.Presentation.Inventory.csproj
		SccProjectTopLevelParentUniqueName44 = SECOM_AJIS.sln
		SccLocalPath44 = .
		SccProjectFilePathRelativizedFromConnection44 = SECOM_AJIS.Presentation.Inventory\\
		SccProjectUniqueName45 = SECOM_AJIS.Presentation.Master\\SECOM_AJIS.Presentation.Master.csproj
		SccProjectTopLevelParentUniqueName45 = SECOM_AJIS.sln
		SccLocalPath45 = .
		SccProjectFilePathRelativizedFromConnection45 = SECOM_AJIS.Presentation.Master\\
		SccProjectUniqueName46 = SECOM_AJIS.Presentation.Quotation\\SECOM_AJIS.Presentation.Quotation.csproj
		SccProjectTopLevelParentUniqueName46 = SECOM_AJIS.sln
		SccLocalPath46 = .
		SccProjectFilePathRelativizedFromConnection46 = SECOM_AJIS.Presentation.Quotation\\
		SccProjectUniqueName47 = SECOM_AJIS.PrintService\\SECOM_AJIS.PrintService.csproj
		SccProjectTopLevelParentUniqueName47 = SECOM_AJIS.sln
		SccLocalPath47 = .
		SccProjectFilePathRelativizedFromConnection47 = SECOM_AJIS.PrintService\\
		SccProjectUniqueName48 = SECOM_AJIS.PrintServiceTest\\SECOM_AJIS.PrintServiceTest.csproj
		SccProjectTopLevelParentUniqueName48 = SECOM_AJIS.sln
		SccLocalPath48 = .
		SccProjectFilePathRelativizedFromConnection48 = SECOM_AJIS.PrintServiceTest\\
		SccProjectUniqueName49 = SECOM_AJIS.RateCalcuration\\SECOM_AJIS.RateCalcuration.csproj
		SccProjectTopLevelParentUniqueName49 = SECOM_AJIS.sln
		SccLocalPath49 = .
		SccProjectFilePathRelativizedFromConnection49 = SECOM_AJIS.RateCalcuration\\
		SccProjectUniqueName50 = SECOM_AJIS.SQL_CLR\\SECOM_AJIS.SQL_CLR.sqlproj
		SccLocalPath50 = .
		SccProjectFilePathRelativizedFromConnection50 = SECOM_AJIS.SQL_CLR\\
		SccProjectUniqueName51 = SECOM_AJIS\\SECOM_AJIS.csproj
		SccLocalPath51 = .
		SccProjectFilePathRelativizedFromConnection51 = SECOM_AJIS\\
	EndGlobalSection
	GlobalSection(TestCaseManagementSettings) = postSolution
		CategoryFile = SECOM_AJIS1.vsmdi
	EndGlobalSection
EndGlobal
